// !$*UTF8*$!
{
	archiveVersion = 1;
	classes = {
	};
	objectVersion = 50;
	objects = {

/* Begin PBXBuildFile section */
		3A2B640C3D61D9F0D4A89A93 /* Pods_PostsAPIEndToEndTests.framework in Frameworks */ = {isa = PBXBuildFile; fileRef = 52D0FABB317FE2ED48EE12C2 /* Pods_PostsAPIEndToEndTests.framework */; };
		6C1C4DA922B3FD2E00B63203 /* RemotePostsLoaderTests.swift in Sources */ = {isa = PBXBuildFile; fileRef = 6C1C4DA822B3FD2D00B63203 /* RemotePostsLoaderTests.swift */; };
		6C1C4DB122B4000700B63203 /* PostsAPIEndToEndTests.swift in Sources */ = {isa = PBXBuildFile; fileRef = 6C1C4DB022B4000700B63203 /* PostsAPIEndToEndTests.swift */; };
		6C1C4DB822B402E700B63203 /* XCTestCase+MemoryLeakTracking.swift in Sources */ = {isa = PBXBuildFile; fileRef = 6CBF4FA722B2E3B20056B55F /* XCTestCase+MemoryLeakTracking.swift */; };
		6C509D9122B4190100BC09AF /* LocalPostItem.swift in Sources */ = {isa = PBXBuildFile; fileRef = 6C509D9022B4190100BC09AF /* LocalPostItem.swift */; };
		6C509D9322B41ADF00BC09AF /* RemotePostItem.swift in Sources */ = {isa = PBXBuildFile; fileRef = 6C509D9222B41ADF00BC09AF /* RemotePostItem.swift */; };
		6C509D9522B41BCC00BC09AF /* LoadFromCacheUseCaseTests.swift in Sources */ = {isa = PBXBuildFile; fileRef = 6C509D9422B41BCC00BC09AF /* LoadFromCacheUseCaseTests.swift */; };
		6C509D9822B41C8A00BC09AF /* PostsStoreSpy.swift in Sources */ = {isa = PBXBuildFile; fileRef = 6C509D9722B41C8A00BC09AF /* PostsStoreSpy.swift */; };
		6C509D9A22B4270800BC09AF /* CacheValidationUseCaseTests.swift in Sources */ = {isa = PBXBuildFile; fileRef = 6C509D9922B4270800BC09AF /* CacheValidationUseCaseTests.swift */; };
		6C509D9C22B42C9C00BC09AF /* FileSystemPostsStoreTests.swift in Sources */ = {isa = PBXBuildFile; fileRef = 6C509D9B22B42C9C00BC09AF /* FileSystemPostsStoreTests.swift */; };
		6C509D9E22B524FA00BC09AF /* FileSystemPostsStore.swift in Sources */ = {isa = PBXBuildFile; fileRef = 6C509D9D22B524FA00BC09AF /* FileSystemPostsStore.swift */; };
		6C509DA022B5386B00BC09AF /* XCTestCase+PostsStoreSpecs.swift in Sources */ = {isa = PBXBuildFile; fileRef = 6C509D9F22B5386B00BC09AF /* XCTestCase+PostsStoreSpecs.swift */; };
		6C509DA222B55E8800BC09AF /* CompletableEvent+TestUtils.swift in Sources */ = {isa = PBXBuildFile; fileRef = 6C509DA122B55E8800BC09AF /* CompletableEvent+TestUtils.swift */; };
		6C5C569F22B623CA00582BB9 /* PostsCacheIntegrationTests.swift in Sources */ = {isa = PBXBuildFile; fileRef = 6C5C569E22B623CA00582BB9 /* PostsCacheIntegrationTests.swift */; };
		6C93138222B039FC00387108 /* AppDelegate.swift in Sources */ = {isa = PBXBuildFile; fileRef = 6C93138122B039FC00387108 /* AppDelegate.swift */; };
		6C9313B322B03A3900387108 /* main.swift in Sources */ = {isa = PBXBuildFile; fileRef = 6C9313B222B03A3900387108 /* main.swift */; };
		6C9313B522B03C7000387108 /* PostItem.swift in Sources */ = {isa = PBXBuildFile; fileRef = 6C9313B422B03C7000387108 /* PostItem.swift */; };
		6C9313B722B03D3600387108 /* PostsLoader.swift in Sources */ = {isa = PBXBuildFile; fileRef = 6C9313B622B03D3600387108 /* PostsLoader.swift */; };
		6C9313BB22B0419200387108 /* RemotePostsLoader.swift in Sources */ = {isa = PBXBuildFile; fileRef = 6C9313BA22B0419200387108 /* RemotePostsLoader.swift */; };
		6C9313BD22B041BF00387108 /* HTTPClient.swift in Sources */ = {isa = PBXBuildFile; fileRef = 6C9313BC22B041BF00387108 /* HTTPClient.swift */; };
		6CBF4FA822B2E3B20056B55F /* XCTestCase+MemoryLeakTracking.swift in Sources */ = {isa = PBXBuildFile; fileRef = 6CBF4FA722B2E3B20056B55F /* XCTestCase+MemoryLeakTracking.swift */; };
		6CBF4FAB22B2E5EC0056B55F /* LocalPostsLoader.swift in Sources */ = {isa = PBXBuildFile; fileRef = 6CBF4FAA22B2E5EC0056B55F /* LocalPostsLoader.swift */; };
		6CBF4FAD22B2E64A0056B55F /* PostsStore.swift in Sources */ = {isa = PBXBuildFile; fileRef = 6CBF4FAC22B2E64A0056B55F /* PostsStore.swift */; };
		6CBF4FB222B3EE180056B55F /* ModelsFactory.swift in Sources */ = {isa = PBXBuildFile; fileRef = 6CBF4FB122B3EE180056B55F /* ModelsFactory.swift */; };
		6CFBFD0322B216D600CC6E3B /* FailableDecodable.swift in Sources */ = {isa = PBXBuildFile; fileRef = 6CFBFD0222B216D600CC6E3B /* FailableDecodable.swift */; };
		6CFBFD0522B2172D00CC6E3B /* FailableDecodableArray.swift in Sources */ = {isa = PBXBuildFile; fileRef = 6CFBFD0422B2172D00CC6E3B /* FailableDecodableArray.swift */; };
		6CFBFD0722B218AA00CC6E3B /* PostsMapper.swift in Sources */ = {isa = PBXBuildFile; fileRef = 6CFBFD0622B218AA00CC6E3B /* PostsMapper.swift */; };
		6CFBFD0A22B2D79700CC6E3B /* CachePostsUseCaseTests.swift in Sources */ = {isa = PBXBuildFile; fileRef = 6CFBFD0922B2D79700CC6E3B /* CachePostsUseCaseTests.swift */; };
		76895EDAA603A5477F183A9E /* Pods_PostsTests.framework in Frameworks */ = {isa = PBXBuildFile; fileRef = 9AE0EC49208E0E3CE5E807BF /* Pods_PostsTests.framework */; };
		7EE52B59B906DBF70F6DD8B0 /* Pods_PostsCacheIntegrationTests.framework in Frameworks */ = {isa = PBXBuildFile; fileRef = EE680FAD22062DC85162E65D /* Pods_PostsCacheIntegrationTests.framework */; };
		954CD6DE46EF1D37C4437D37 /* Pods_Posts.framework in Frameworks */ = {isa = PBXBuildFile; fileRef = 40E853228AFCC463A7615EF1 /* Pods_Posts.framework */; };
		C4A4727222B2606C0026C041 /* URLSessionHTTPClientTests.swift in Sources */ = {isa = PBXBuildFile; fileRef = C4A4727122B2606B0026C041 /* URLSessionHTTPClientTests.swift */; };
		C4E3701822B39684002A33E3 /* SingleEvent+TestUtils.swift in Sources */ = {isa = PBXBuildFile; fileRef = C4E3701722B39684002A33E3 /* SingleEvent+TestUtils.swift */; };
		C4E3701B22B397E6002A33E3 /* URLSessionHTTPClient.swift in Sources */ = {isa = PBXBuildFile; fileRef = C4E3701A22B397E6002A33E3 /* URLSessionHTTPClient.swift */; };
/* End PBXBuildFile section */

/* Begin PBXContainerItemProxy section */
		6C1C4DB322B4000700B63203 /* PBXContainerItemProxy */ = {
			isa = PBXContainerItemProxy;
			containerPortal = 6C93137622B039FC00387108 /* Project object */;
			proxyType = 1;
			remoteGlobalIDString = 6C93137D22B039FC00387108;
			remoteInfo = Posts;
		};
		6C5C56A122B623CA00582BB9 /* PBXContainerItemProxy */ = {
			isa = PBXContainerItemProxy;
			containerPortal = 6C93137622B039FC00387108 /* Project object */;
			proxyType = 1;
			remoteGlobalIDString = 6C93137D22B039FC00387108;
			remoteInfo = Posts;
		};
		6C93139622B039FD00387108 /* PBXContainerItemProxy */ = {
			isa = PBXContainerItemProxy;
			containerPortal = 6C93137622B039FC00387108 /* Project object */;
			proxyType = 1;
			remoteGlobalIDString = 6C93137D22B039FC00387108;
			remoteInfo = Posts;
		};
/* End PBXContainerItemProxy section */

/* Begin PBXFileReference section */
		013D1D142011DE4BBD1BD8E6 /* Pods-Posts.debug.xcconfig */ = {isa = PBXFileReference; includeInIndex = 1; lastKnownFileType = text.xcconfig; name = "Pods-Posts.debug.xcconfig"; path = "Target Support Files/Pods-Posts/Pods-Posts.debug.xcconfig"; sourceTree = "<group>"; };
		2B730DA6861C74D0E6FD26C2 /* Pods-PostsCacheIntegrationTests.debug.xcconfig */ = {isa = PBXFileReference; includeInIndex = 1; lastKnownFileType = text.xcconfig; name = "Pods-PostsCacheIntegrationTests.debug.xcconfig"; path = "Target Support Files/Pods-PostsCacheIntegrationTests/Pods-PostsCacheIntegrationTests.debug.xcconfig"; sourceTree = "<group>"; };
		39E66508BE88AF395B2F0A41 /* Pods-PostsAPIEndToEndTests.debug.xcconfig */ = {isa = PBXFileReference; includeInIndex = 1; lastKnownFileType = text.xcconfig; name = "Pods-PostsAPIEndToEndTests.debug.xcconfig"; path = "Target Support Files/Pods-PostsAPIEndToEndTests/Pods-PostsAPIEndToEndTests.debug.xcconfig"; sourceTree = "<group>"; };
		40E853228AFCC463A7615EF1 /* Pods_Posts.framework */ = {isa = PBXFileReference; explicitFileType = wrapper.framework; includeInIndex = 0; path = Pods_Posts.framework; sourceTree = BUILT_PRODUCTS_DIR; };
		4C4917DDE44603DEF82F5EE3 /* Pods-PostsTests.debug.xcconfig */ = {isa = PBXFileReference; includeInIndex = 1; lastKnownFileType = text.xcconfig; name = "Pods-PostsTests.debug.xcconfig"; path = "Target Support Files/Pods-PostsTests/Pods-PostsTests.debug.xcconfig"; sourceTree = "<group>"; };
		52D0FABB317FE2ED48EE12C2 /* Pods_PostsAPIEndToEndTests.framework */ = {isa = PBXFileReference; explicitFileType = wrapper.framework; includeInIndex = 0; path = Pods_PostsAPIEndToEndTests.framework; sourceTree = BUILT_PRODUCTS_DIR; };
		6C1C4DA822B3FD2D00B63203 /* RemotePostsLoaderTests.swift */ = {isa = PBXFileReference; fileEncoding = 4; lastKnownFileType = sourcecode.swift; path = RemotePostsLoaderTests.swift; sourceTree = "<group>"; };
		6C1C4DAE22B4000700B63203 /* PostsAPIEndToEndTests.xctest */ = {isa = PBXFileReference; explicitFileType = wrapper.cfbundle; includeInIndex = 0; path = PostsAPIEndToEndTests.xctest; sourceTree = BUILT_PRODUCTS_DIR; };
		6C1C4DB022B4000700B63203 /* PostsAPIEndToEndTests.swift */ = {isa = PBXFileReference; lastKnownFileType = sourcecode.swift; path = PostsAPIEndToEndTests.swift; sourceTree = "<group>"; };
		6C1C4DB222B4000700B63203 /* Info.plist */ = {isa = PBXFileReference; lastKnownFileType = text.plist.xml; path = Info.plist; sourceTree = "<group>"; };
		6C509D9022B4190100BC09AF /* LocalPostItem.swift */ = {isa = PBXFileReference; lastKnownFileType = sourcecode.swift; path = LocalPostItem.swift; sourceTree = "<group>"; };
		6C509D9222B41ADF00BC09AF /* RemotePostItem.swift */ = {isa = PBXFileReference; lastKnownFileType = sourcecode.swift; path = RemotePostItem.swift; sourceTree = "<group>"; };
		6C509D9422B41BCC00BC09AF /* LoadFromCacheUseCaseTests.swift */ = {isa = PBXFileReference; lastKnownFileType = sourcecode.swift; path = LoadFromCacheUseCaseTests.swift; sourceTree = "<group>"; };
		6C509D9722B41C8A00BC09AF /* PostsStoreSpy.swift */ = {isa = PBXFileReference; lastKnownFileType = sourcecode.swift; path = PostsStoreSpy.swift; sourceTree = "<group>"; };
		6C509D9922B4270800BC09AF /* CacheValidationUseCaseTests.swift */ = {isa = PBXFileReference; lastKnownFileType = sourcecode.swift; path = CacheValidationUseCaseTests.swift; sourceTree = "<group>"; };
		6C509D9B22B42C9C00BC09AF /* FileSystemPostsStoreTests.swift */ = {isa = PBXFileReference; lastKnownFileType = sourcecode.swift; path = FileSystemPostsStoreTests.swift; sourceTree = "<group>"; };
		6C509D9D22B524FA00BC09AF /* FileSystemPostsStore.swift */ = {isa = PBXFileReference; lastKnownFileType = sourcecode.swift; path = FileSystemPostsStore.swift; sourceTree = "<group>"; };
		6C509D9F22B5386B00BC09AF /* XCTestCase+PostsStoreSpecs.swift */ = {isa = PBXFileReference; lastKnownFileType = sourcecode.swift; path = "XCTestCase+PostsStoreSpecs.swift"; sourceTree = "<group>"; };
		6C509DA122B55E8800BC09AF /* CompletableEvent+TestUtils.swift */ = {isa = PBXFileReference; lastKnownFileType = sourcecode.swift; path = "CompletableEvent+TestUtils.swift"; sourceTree = "<group>"; };
		6C5C569C22B623CA00582BB9 /* PostsCacheIntegrationTests.xctest */ = {isa = PBXFileReference; explicitFileType = wrapper.cfbundle; includeInIndex = 0; path = PostsCacheIntegrationTests.xctest; sourceTree = BUILT_PRODUCTS_DIR; };
		6C5C569E22B623CA00582BB9 /* PostsCacheIntegrationTests.swift */ = {isa = PBXFileReference; lastKnownFileType = sourcecode.swift; path = PostsCacheIntegrationTests.swift; sourceTree = "<group>"; };
		6C5C56A022B623CA00582BB9 /* Info.plist */ = {isa = PBXFileReference; lastKnownFileType = text.plist.xml; path = Info.plist; sourceTree = "<group>"; };
		6C93137E22B039FC00387108 /* Posts.app */ = {isa = PBXFileReference; explicitFileType = wrapper.application; includeInIndex = 0; path = Posts.app; sourceTree = BUILT_PRODUCTS_DIR; };
		6C93138122B039FC00387108 /* AppDelegate.swift */ = {isa = PBXFileReference; lastKnownFileType = sourcecode.swift; path = AppDelegate.swift; sourceTree = "<group>"; };
		6C93139022B039FD00387108 /* Info.plist */ = {isa = PBXFileReference; lastKnownFileType = text.plist.xml; path = Info.plist; sourceTree = "<group>"; };
		6C93139522B039FD00387108 /* PostsTests.xctest */ = {isa = PBXFileReference; explicitFileType = wrapper.cfbundle; includeInIndex = 0; path = PostsTests.xctest; sourceTree = BUILT_PRODUCTS_DIR; };
		6C93139B22B039FD00387108 /* Info.plist */ = {isa = PBXFileReference; lastKnownFileType = text.plist.xml; path = Info.plist; sourceTree = "<group>"; };
		6C9313B222B03A3900387108 /* main.swift */ = {isa = PBXFileReference; fileEncoding = 4; lastKnownFileType = sourcecode.swift; path = main.swift; sourceTree = "<group>"; };
		6C9313B422B03C7000387108 /* PostItem.swift */ = {isa = PBXFileReference; lastKnownFileType = sourcecode.swift; path = PostItem.swift; sourceTree = "<group>"; };
		6C9313B622B03D3600387108 /* PostsLoader.swift */ = {isa = PBXFileReference; lastKnownFileType = sourcecode.swift; path = PostsLoader.swift; sourceTree = "<group>"; };
		6C9313BA22B0419200387108 /* RemotePostsLoader.swift */ = {isa = PBXFileReference; lastKnownFileType = sourcecode.swift; path = RemotePostsLoader.swift; sourceTree = "<group>"; };
		6C9313BC22B041BF00387108 /* HTTPClient.swift */ = {isa = PBXFileReference; lastKnownFileType = sourcecode.swift; path = HTTPClient.swift; sourceTree = "<group>"; };
		6CBF4FA722B2E3B20056B55F /* XCTestCase+MemoryLeakTracking.swift */ = {isa = PBXFileReference; lastKnownFileType = sourcecode.swift; path = "XCTestCase+MemoryLeakTracking.swift"; sourceTree = "<group>"; };
		6CBF4FAA22B2E5EC0056B55F /* LocalPostsLoader.swift */ = {isa = PBXFileReference; lastKnownFileType = sourcecode.swift; path = LocalPostsLoader.swift; sourceTree = "<group>"; };
		6CBF4FAC22B2E64A0056B55F /* PostsStore.swift */ = {isa = PBXFileReference; lastKnownFileType = sourcecode.swift; path = PostsStore.swift; sourceTree = "<group>"; };
		6CBF4FB122B3EE180056B55F /* ModelsFactory.swift */ = {isa = PBXFileReference; lastKnownFileType = sourcecode.swift; path = ModelsFactory.swift; sourceTree = "<group>"; };
		6CFBFD0222B216D600CC6E3B /* FailableDecodable.swift */ = {isa = PBXFileReference; lastKnownFileType = sourcecode.swift; path = FailableDecodable.swift; sourceTree = "<group>"; };
		6CFBFD0422B2172D00CC6E3B /* FailableDecodableArray.swift */ = {isa = PBXFileReference; lastKnownFileType = sourcecode.swift; path = FailableDecodableArray.swift; sourceTree = "<group>"; };
		6CFBFD0622B218AA00CC6E3B /* PostsMapper.swift */ = {isa = PBXFileReference; lastKnownFileType = sourcecode.swift; path = PostsMapper.swift; sourceTree = "<group>"; };
		6CFBFD0922B2D79700CC6E3B /* CachePostsUseCaseTests.swift */ = {isa = PBXFileReference; lastKnownFileType = sourcecode.swift; path = CachePostsUseCaseTests.swift; sourceTree = "<group>"; };
		7844DA6726E3B169038E10CE /* Pods-PostsTests.release.xcconfig */ = {isa = PBXFileReference; includeInIndex = 1; lastKnownFileType = text.xcconfig; name = "Pods-PostsTests.release.xcconfig"; path = "Target Support Files/Pods-PostsTests/Pods-PostsTests.release.xcconfig"; sourceTree = "<group>"; };
		8E83400B1AD3AA70F0D7D114 /* Pods-PostsCacheIntegrationTests.release.xcconfig */ = {isa = PBXFileReference; includeInIndex = 1; lastKnownFileType = text.xcconfig; name = "Pods-PostsCacheIntegrationTests.release.xcconfig"; path = "Target Support Files/Pods-PostsCacheIntegrationTests/Pods-PostsCacheIntegrationTests.release.xcconfig"; sourceTree = "<group>"; };
		9AE0EC49208E0E3CE5E807BF /* Pods_PostsTests.framework */ = {isa = PBXFileReference; explicitFileType = wrapper.framework; includeInIndex = 0; path = Pods_PostsTests.framework; sourceTree = BUILT_PRODUCTS_DIR; };
		A0D3D2520F309B72DE1F3129 /* Pods-Posts.release.xcconfig */ = {isa = PBXFileReference; includeInIndex = 1; lastKnownFileType = text.xcconfig; name = "Pods-Posts.release.xcconfig"; path = "Target Support Files/Pods-Posts/Pods-Posts.release.xcconfig"; sourceTree = "<group>"; };
		C4A4727122B2606B0026C041 /* URLSessionHTTPClientTests.swift */ = {isa = PBXFileReference; lastKnownFileType = sourcecode.swift; path = URLSessionHTTPClientTests.swift; sourceTree = "<group>"; };
		C4E3701722B39684002A33E3 /* SingleEvent+TestUtils.swift */ = {isa = PBXFileReference; lastKnownFileType = sourcecode.swift; path = "SingleEvent+TestUtils.swift"; sourceTree = "<group>"; };
		C4E3701A22B397E6002A33E3 /* URLSessionHTTPClient.swift */ = {isa = PBXFileReference; lastKnownFileType = sourcecode.swift; path = URLSessionHTTPClient.swift; sourceTree = "<group>"; };
		D1D4CDE10EBF258A01E2AD27 /* Pods-PostsAPIEndToEndTests.release.xcconfig */ = {isa = PBXFileReference; includeInIndex = 1; lastKnownFileType = text.xcconfig; name = "Pods-PostsAPIEndToEndTests.release.xcconfig"; path = "Target Support Files/Pods-PostsAPIEndToEndTests/Pods-PostsAPIEndToEndTests.release.xcconfig"; sourceTree = "<group>"; };
		EE680FAD22062DC85162E65D /* Pods_PostsCacheIntegrationTests.framework */ = {isa = PBXFileReference; explicitFileType = wrapper.framework; includeInIndex = 0; path = Pods_PostsCacheIntegrationTests.framework; sourceTree = BUILT_PRODUCTS_DIR; };
/* End PBXFileReference section */

/* Begin PBXFrameworksBuildPhase section */
		6C1C4DAB22B4000700B63203 /* Frameworks */ = {
			isa = PBXFrameworksBuildPhase;
			buildActionMask = 2147483647;
			files = (
				3A2B640C3D61D9F0D4A89A93 /* Pods_PostsAPIEndToEndTests.framework in Frameworks */,
			);
			runOnlyForDeploymentPostprocessing = 0;
		};
		6C5C569922B623CA00582BB9 /* Frameworks */ = {
			isa = PBXFrameworksBuildPhase;
			buildActionMask = 2147483647;
			files = (
				7EE52B59B906DBF70F6DD8B0 /* Pods_PostsCacheIntegrationTests.framework in Frameworks */,
			);
			runOnlyForDeploymentPostprocessing = 0;
		};
		6C93137B22B039FC00387108 /* Frameworks */ = {
			isa = PBXFrameworksBuildPhase;
			buildActionMask = 2147483647;
			files = (
				954CD6DE46EF1D37C4437D37 /* Pods_Posts.framework in Frameworks */,
			);
			runOnlyForDeploymentPostprocessing = 0;
		};
		6C93139222B039FD00387108 /* Frameworks */ = {
			isa = PBXFrameworksBuildPhase;
			buildActionMask = 2147483647;
			files = (
				76895EDAA603A5477F183A9E /* Pods_PostsTests.framework in Frameworks */,
			);
			runOnlyForDeploymentPostprocessing = 0;
		};
/* End PBXFrameworksBuildPhase section */

/* Begin PBXGroup section */
		6C1C4DAF22B4000700B63203 /* PostsAPIEndToEndTests */ = {
			isa = PBXGroup;
			children = (
				6C1C4DB022B4000700B63203 /* PostsAPIEndToEndTests.swift */,
				6C1C4DB222B4000700B63203 /* Info.plist */,
			);
			path = PostsAPIEndToEndTests;
			sourceTree = "<group>";
		};
		6C1C4DB922B40B1700B63203 /* Main */ = {
			isa = PBXGroup;
			children = (
				6C93138122B039FC00387108 /* AppDelegate.swift */,
				6C9313B222B03A3900387108 /* main.swift */,
			);
			path = Main;
			sourceTree = "<group>";
		};
		6C509D9622B41C8000BC09AF /* Helpers */ = {
			isa = PBXGroup;
			children = (
				6C509D9722B41C8A00BC09AF /* PostsStoreSpy.swift */,
			);
			path = Helpers;
			sourceTree = "<group>";
		};
		6C5C569D22B623CA00582BB9 /* PostsCacheIntegrationTests */ = {
			isa = PBXGroup;
			children = (
				6C5C569E22B623CA00582BB9 /* PostsCacheIntegrationTests.swift */,
				6C5C56A022B623CA00582BB9 /* Info.plist */,
			);
			path = PostsCacheIntegrationTests;
			sourceTree = "<group>";
		};
		6C93137522B039FC00387108 = {
			isa = PBXGroup;
			children = (
				6C93138022B039FC00387108 /* Posts */,
				6C93139822B039FD00387108 /* PostsTests */,
				6C1C4DAF22B4000700B63203 /* PostsAPIEndToEndTests */,
				6C5C569D22B623CA00582BB9 /* PostsCacheIntegrationTests */,
				6C93137F22B039FC00387108 /* Products */,
				D7C1586180952416A450402E /* Pods */,
				73D5D67CCE1A06827C8CAA61 /* Frameworks */,
			);
			sourceTree = "<group>";
		};
		6C93137F22B039FC00387108 /* Products */ = {
			isa = PBXGroup;
			children = (
				6C93137E22B039FC00387108 /* Posts.app */,
				6C93139522B039FD00387108 /* PostsTests.xctest */,
				6C1C4DAE22B4000700B63203 /* PostsAPIEndToEndTests.xctest */,
				6C5C569C22B623CA00582BB9 /* PostsCacheIntegrationTests.xctest */,
			);
			name = Products;
			sourceTree = "<group>";
		};
		6C93138022B039FC00387108 /* Posts */ = {
			isa = PBXGroup;
			children = (
				6CBF4FA922B2E5DE0056B55F /* PostsCache */,
				C4E3701922B3977E002A33E3 /* PostsAPI */,
				6CFBFD0822B21B4400CC6E3B /* PostsFeature */,
				6CFBFD0122B216AC00CC6E3B /* Utils */,
				6C1C4DB922B40B1700B63203 /* Main */,
				6C93139022B039FD00387108 /* Info.plist */,
			);
			path = Posts;
			sourceTree = "<group>";
		};
		6C93139822B039FD00387108 /* PostsTests */ = {
			isa = PBXGroup;
			children = (
				6CBF4FB022B3EDFF0056B55F /* PostsAPI */,
				6CBF4FAF22B3EDEF0056B55F /* PostsCache */,
				6CBF4FAE22B2E6880056B55F /* Helpers */,
				6C93139B22B039FD00387108 /* Info.plist */,
			);
			path = PostsTests;
			sourceTree = "<group>";
		};
		6CBF4FA922B2E5DE0056B55F /* PostsCache */ = {
			isa = PBXGroup;
			children = (
				6CBF4FAA22B2E5EC0056B55F /* LocalPostsLoader.swift */,
				6CBF4FAC22B2E64A0056B55F /* PostsStore.swift */,
				6C509D9022B4190100BC09AF /* LocalPostItem.swift */,
				6C509D9D22B524FA00BC09AF /* FileSystemPostsStore.swift */,
			);
			path = PostsCache;
			sourceTree = "<group>";
		};
		6CBF4FAE22B2E6880056B55F /* Helpers */ = {
			isa = PBXGroup;
			children = (
				C4E3701722B39684002A33E3 /* SingleEvent+TestUtils.swift */,
				6CBF4FA722B2E3B20056B55F /* XCTestCase+MemoryLeakTracking.swift */,
				6CBF4FB122B3EE180056B55F /* ModelsFactory.swift */,
				6C509DA122B55E8800BC09AF /* CompletableEvent+TestUtils.swift */,
			);
			path = Helpers;
			sourceTree = "<group>";
		};
		6CBF4FAF22B3EDEF0056B55F /* PostsCache */ = {
			isa = PBXGroup;
			children = (
				6C509D9622B41C8000BC09AF /* Helpers */,
				6CFBFD0922B2D79700CC6E3B /* CachePostsUseCaseTests.swift */,
				6C509D9422B41BCC00BC09AF /* LoadFromCacheUseCaseTests.swift */,
				6C509D9922B4270800BC09AF /* CacheValidationUseCaseTests.swift */,
				6C509D9B22B42C9C00BC09AF /* FileSystemPostsStoreTests.swift */,
				6C509D9F22B5386B00BC09AF /* XCTestCase+PostsStoreSpecs.swift */,
			);
			path = PostsCache;
			sourceTree = "<group>";
		};
		6CBF4FB022B3EDFF0056B55F /* PostsAPI */ = {
			isa = PBXGroup;
			children = (
				6C1C4DA822B3FD2D00B63203 /* RemotePostsLoaderTests.swift */,
				C4A4727122B2606B0026C041 /* URLSessionHTTPClientTests.swift */,
			);
			path = PostsAPI;
			sourceTree = "<group>";
		};
		6CFBFD0122B216AC00CC6E3B /* Utils */ = {
			isa = PBXGroup;
			children = (
				6CFBFD0222B216D600CC6E3B /* FailableDecodable.swift */,
				6CFBFD0422B2172D00CC6E3B /* FailableDecodableArray.swift */,
			);
			path = Utils;
			sourceTree = "<group>";
		};
		6CFBFD0822B21B4400CC6E3B /* PostsFeature */ = {
			isa = PBXGroup;
			children = (
				6C9313B622B03D3600387108 /* PostsLoader.swift */,
				6C9313B422B03C7000387108 /* PostItem.swift */,
			);
			path = PostsFeature;
			sourceTree = "<group>";
		};
		73D5D67CCE1A06827C8CAA61 /* Frameworks */ = {
			isa = PBXGroup;
			children = (
				40E853228AFCC463A7615EF1 /* Pods_Posts.framework */,
				9AE0EC49208E0E3CE5E807BF /* Pods_PostsTests.framework */,
				52D0FABB317FE2ED48EE12C2 /* Pods_PostsAPIEndToEndTests.framework */,
				EE680FAD22062DC85162E65D /* Pods_PostsCacheIntegrationTests.framework */,
			);
			name = Frameworks;
			sourceTree = "<group>";
		};
		C4E3701922B3977E002A33E3 /* PostsAPI */ = {
			isa = PBXGroup;
			children = (
				6C9313BC22B041BF00387108 /* HTTPClient.swift */,
				6C9313BA22B0419200387108 /* RemotePostsLoader.swift */,
				6CFBFD0622B218AA00CC6E3B /* PostsMapper.swift */,
				C4E3701A22B397E6002A33E3 /* URLSessionHTTPClient.swift */,
				6C509D9222B41ADF00BC09AF /* RemotePostItem.swift */,
			);
			path = PostsAPI;
			sourceTree = "<group>";
		};
		D7C1586180952416A450402E /* Pods */ = {
			isa = PBXGroup;
			children = (
				013D1D142011DE4BBD1BD8E6 /* Pods-Posts.debug.xcconfig */,
				A0D3D2520F309B72DE1F3129 /* Pods-Posts.release.xcconfig */,
				4C4917DDE44603DEF82F5EE3 /* Pods-PostsTests.debug.xcconfig */,
				7844DA6726E3B169038E10CE /* Pods-PostsTests.release.xcconfig */,
				39E66508BE88AF395B2F0A41 /* Pods-PostsAPIEndToEndTests.debug.xcconfig */,
				D1D4CDE10EBF258A01E2AD27 /* Pods-PostsAPIEndToEndTests.release.xcconfig */,
				2B730DA6861C74D0E6FD26C2 /* Pods-PostsCacheIntegrationTests.debug.xcconfig */,
				8E83400B1AD3AA70F0D7D114 /* Pods-PostsCacheIntegrationTests.release.xcconfig */,
			);
			path = Pods;
			sourceTree = "<group>";
		};
/* End PBXGroup section */

/* Begin PBXNativeTarget section */
		6C1C4DAD22B4000700B63203 /* PostsAPIEndToEndTests */ = {
			isa = PBXNativeTarget;
			buildConfigurationList = 6C1C4DB722B4000700B63203 /* Build configuration list for PBXNativeTarget "PostsAPIEndToEndTests" */;
			buildPhases = (
				87B41702DD7BE67B02D4359E /* [CP] Check Pods Manifest.lock */,
				6C1C4DAA22B4000700B63203 /* Sources */,
				6C1C4DAB22B4000700B63203 /* Frameworks */,
				6C1C4DAC22B4000700B63203 /* Resources */,
			);
			buildRules = (
			);
			dependencies = (
				6C1C4DB422B4000700B63203 /* PBXTargetDependency */,
			);
			name = PostsAPIEndToEndTests;
			productName = PostsAPIEndToEndTests;
			productReference = 6C1C4DAE22B4000700B63203 /* PostsAPIEndToEndTests.xctest */;
			productType = "com.apple.product-type.bundle.unit-test";
		};
		6C5C569B22B623CA00582BB9 /* PostsCacheIntegrationTests */ = {
			isa = PBXNativeTarget;
			buildConfigurationList = 6C5C56A522B623CA00582BB9 /* Build configuration list for PBXNativeTarget "PostsCacheIntegrationTests" */;
			buildPhases = (
				948068CA977F75F697551F03 /* [CP] Check Pods Manifest.lock */,
				6C5C569822B623CA00582BB9 /* Sources */,
				6C5C569922B623CA00582BB9 /* Frameworks */,
				6C5C569A22B623CA00582BB9 /* Resources */,
			);
			buildRules = (
			);
			dependencies = (
				6C5C56A222B623CA00582BB9 /* PBXTargetDependency */,
			);
			name = PostsCacheIntegrationTests;
			productName = PostsCacheIntegrationTests;
			productReference = 6C5C569C22B623CA00582BB9 /* PostsCacheIntegrationTests.xctest */;
			productType = "com.apple.product-type.bundle.unit-test";
		};
		6C93137D22B039FC00387108 /* Posts */ = {
			isa = PBXNativeTarget;
			buildConfigurationList = 6C9313A922B039FD00387108 /* Build configuration list for PBXNativeTarget "Posts" */;
			buildPhases = (
				010AE0D7EED2B3946C3419B9 /* [CP] Check Pods Manifest.lock */,
				6C93137A22B039FC00387108 /* Sources */,
				6C93137B22B039FC00387108 /* Frameworks */,
				6C93137C22B039FC00387108 /* Resources */,
				472510E431E1E85AA13D605C /* [CP] Embed Pods Frameworks */,
			);
			buildRules = (
			);
			dependencies = (
			);
			name = Posts;
			productName = Posts;
			productReference = 6C93137E22B039FC00387108 /* Posts.app */;
			productType = "com.apple.product-type.application";
		};
		6C93139422B039FD00387108 /* PostsTests */ = {
			isa = PBXNativeTarget;
			buildConfigurationList = 6C9313AC22B039FD00387108 /* Build configuration list for PBXNativeTarget "PostsTests" */;
			buildPhases = (
				D95AD4F0B8BDD8380079C2C4 /* [CP] Check Pods Manifest.lock */,
				6C93139122B039FD00387108 /* Sources */,
				6C93139222B039FD00387108 /* Frameworks */,
				6C93139322B039FD00387108 /* Resources */,
			);
			buildRules = (
			);
			dependencies = (
				6C93139722B039FD00387108 /* PBXTargetDependency */,
			);
			name = PostsTests;
			productName = PostsTests;
			productReference = 6C93139522B039FD00387108 /* PostsTests.xctest */;
			productType = "com.apple.product-type.bundle.unit-test";
		};
/* End PBXNativeTarget section */

/* Begin PBXProject section */
		6C93137622B039FC00387108 /* Project object */ = {
			isa = PBXProject;
			attributes = {
				LastSwiftUpdateCheck = 1010;
				LastUpgradeCheck = 1010;
				ORGANIZATIONNAME = "Pusca Ghenadie";
				TargetAttributes = {
					6C1C4DAD22B4000700B63203 = {
						CreatedOnToolsVersion = 10.2.1;
						TestTargetID = 6C93137D22B039FC00387108;
					};
					6C5C569B22B623CA00582BB9 = {
						CreatedOnToolsVersion = 10.1;
						TestTargetID = 6C93137D22B039FC00387108;
					};
					6C93137D22B039FC00387108 = {
						CreatedOnToolsVersion = 10.1;
					};
					6C93139422B039FD00387108 = {
						CreatedOnToolsVersion = 10.1;
						TestTargetID = 6C93137D22B039FC00387108;
					};
				};
			};
			buildConfigurationList = 6C93137922B039FC00387108 /* Build configuration list for PBXProject "Posts" */;
			compatibilityVersion = "Xcode 9.3";
			developmentRegion = en;
			hasScannedForEncodings = 0;
			knownRegions = (
				en,
				Base,
			);
			mainGroup = 6C93137522B039FC00387108;
			productRefGroup = 6C93137F22B039FC00387108 /* Products */;
			projectDirPath = "";
			projectRoot = "";
			targets = (
				6C93137D22B039FC00387108 /* Posts */,
				6C93139422B039FD00387108 /* PostsTests */,
				6C1C4DAD22B4000700B63203 /* PostsAPIEndToEndTests */,
				6C5C569B22B623CA00582BB9 /* PostsCacheIntegrationTests */,
			);
		};
/* End PBXProject section */

/* Begin PBXResourcesBuildPhase section */
		6C1C4DAC22B4000700B63203 /* Resources */ = {
			isa = PBXResourcesBuildPhase;
			buildActionMask = 2147483647;
			files = (
			);
			runOnlyForDeploymentPostprocessing = 0;
		};
		6C5C569A22B623CA00582BB9 /* Resources */ = {
			isa = PBXResourcesBuildPhase;
			buildActionMask = 2147483647;
			files = (
			);
			runOnlyForDeploymentPostprocessing = 0;
		};
		6C93137C22B039FC00387108 /* Resources */ = {
			isa = PBXResourcesBuildPhase;
			buildActionMask = 2147483647;
			files = (
			);
			runOnlyForDeploymentPostprocessing = 0;
		};
		6C93139322B039FD00387108 /* Resources */ = {
			isa = PBXResourcesBuildPhase;
			buildActionMask = 2147483647;
			files = (
			);
			runOnlyForDeploymentPostprocessing = 0;
		};
/* End PBXResourcesBuildPhase section */

/* Begin PBXShellScriptBuildPhase section */
		010AE0D7EED2B3946C3419B9 /* [CP] Check Pods Manifest.lock */ = {
			isa = PBXShellScriptBuildPhase;
			buildActionMask = 2147483647;
			files = (
			);
			inputFileListPaths = (
			);
			inputPaths = (
				"${PODS_PODFILE_DIR_PATH}/Podfile.lock",
				"${PODS_ROOT}/Manifest.lock",
			);
			name = "[CP] Check Pods Manifest.lock";
			outputFileListPaths = (
			);
			outputPaths = (
				"$(DERIVED_FILE_DIR)/Pods-Posts-checkManifestLockResult.txt",
			);
			runOnlyForDeploymentPostprocessing = 0;
			shellPath = /bin/sh;
			shellScript = "diff \"${PODS_PODFILE_DIR_PATH}/Podfile.lock\" \"${PODS_ROOT}/Manifest.lock\" > /dev/null\nif [ $? != 0 ] ; then\n    # print error to STDERR\n    echo \"error: The sandbox is not in sync with the Podfile.lock. Run 'pod install' or update your CocoaPods installation.\" >&2\n    exit 1\nfi\n# This output is used by Xcode 'outputs' to avoid re-running this script phase.\necho \"SUCCESS\" > \"${SCRIPT_OUTPUT_FILE_0}\"\n";
			showEnvVarsInLog = 0;
		};
		472510E431E1E85AA13D605C /* [CP] Embed Pods Frameworks */ = {
			isa = PBXShellScriptBuildPhase;
			buildActionMask = 2147483647;
			files = (
			);
			inputFileListPaths = (
			);
			inputPaths = (
				"${PODS_ROOT}/Target Support Files/Pods-Posts/Pods-Posts-frameworks.sh",
				"${BUILT_PRODUCTS_DIR}/RxSwift/RxSwift.framework",
			);
			name = "[CP] Embed Pods Frameworks";
			outputFileListPaths = (
			);
			outputPaths = (
				"${TARGET_BUILD_DIR}/${FRAMEWORKS_FOLDER_PATH}/RxSwift.framework",
			);
			runOnlyForDeploymentPostprocessing = 0;
			shellPath = /bin/sh;
			shellScript = "\"${PODS_ROOT}/Target Support Files/Pods-Posts/Pods-Posts-frameworks.sh\"\n";
			showEnvVarsInLog = 0;
		};
		87B41702DD7BE67B02D4359E /* [CP] Check Pods Manifest.lock */ = {
			isa = PBXShellScriptBuildPhase;
			buildActionMask = 2147483647;
			files = (
			);
			inputFileListPaths = (
			);
			inputPaths = (
				"${PODS_PODFILE_DIR_PATH}/Podfile.lock",
				"${PODS_ROOT}/Manifest.lock",
			);
			name = "[CP] Check Pods Manifest.lock";
			outputFileListPaths = (
			);
			outputPaths = (
				"$(DERIVED_FILE_DIR)/Pods-PostsAPIEndToEndTests-checkManifestLockResult.txt",
			);
			runOnlyForDeploymentPostprocessing = 0;
			shellPath = /bin/sh;
			shellScript = "diff \"${PODS_PODFILE_DIR_PATH}/Podfile.lock\" \"${PODS_ROOT}/Manifest.lock\" > /dev/null\nif [ $? != 0 ] ; then\n    # print error to STDERR\n    echo \"error: The sandbox is not in sync with the Podfile.lock. Run 'pod install' or update your CocoaPods installation.\" >&2\n    exit 1\nfi\n# This output is used by Xcode 'outputs' to avoid re-running this script phase.\necho \"SUCCESS\" > \"${SCRIPT_OUTPUT_FILE_0}\"\n";
			showEnvVarsInLog = 0;
		};
		948068CA977F75F697551F03 /* [CP] Check Pods Manifest.lock */ = {
			isa = PBXShellScriptBuildPhase;
			buildActionMask = 2147483647;
			files = (
			);
			inputFileListPaths = (
			);
			inputPaths = (
				"${PODS_PODFILE_DIR_PATH}/Podfile.lock",
				"${PODS_ROOT}/Manifest.lock",
			);
			name = "[CP] Check Pods Manifest.lock";
			outputFileListPaths = (
			);
			outputPaths = (
				"$(DERIVED_FILE_DIR)/Pods-PostsCacheIntegrationTests-checkManifestLockResult.txt",
			);
			runOnlyForDeploymentPostprocessing = 0;
			shellPath = /bin/sh;
			shellScript = "diff \"${PODS_PODFILE_DIR_PATH}/Podfile.lock\" \"${PODS_ROOT}/Manifest.lock\" > /dev/null\nif [ $? != 0 ] ; then\n    # print error to STDERR\n    echo \"error: The sandbox is not in sync with the Podfile.lock. Run 'pod install' or update your CocoaPods installation.\" >&2\n    exit 1\nfi\n# This output is used by Xcode 'outputs' to avoid re-running this script phase.\necho \"SUCCESS\" > \"${SCRIPT_OUTPUT_FILE_0}\"\n";
			showEnvVarsInLog = 0;
		};
		D95AD4F0B8BDD8380079C2C4 /* [CP] Check Pods Manifest.lock */ = {
			isa = PBXShellScriptBuildPhase;
			buildActionMask = 2147483647;
			files = (
			);
			inputFileListPaths = (
			);
			inputPaths = (
				"${PODS_PODFILE_DIR_PATH}/Podfile.lock",
				"${PODS_ROOT}/Manifest.lock",
			);
			name = "[CP] Check Pods Manifest.lock";
			outputFileListPaths = (
			);
			outputPaths = (
				"$(DERIVED_FILE_DIR)/Pods-PostsTests-checkManifestLockResult.txt",
			);
			runOnlyForDeploymentPostprocessing = 0;
			shellPath = /bin/sh;
			shellScript = "diff \"${PODS_PODFILE_DIR_PATH}/Podfile.lock\" \"${PODS_ROOT}/Manifest.lock\" > /dev/null\nif [ $? != 0 ] ; then\n    # print error to STDERR\n    echo \"error: The sandbox is not in sync with the Podfile.lock. Run 'pod install' or update your CocoaPods installation.\" >&2\n    exit 1\nfi\n# This output is used by Xcode 'outputs' to avoid re-running this script phase.\necho \"SUCCESS\" > \"${SCRIPT_OUTPUT_FILE_0}\"\n";
			showEnvVarsInLog = 0;
		};
/* End PBXShellScriptBuildPhase section */

/* Begin PBXSourcesBuildPhase section */
		6C1C4DAA22B4000700B63203 /* Sources */ = {
			isa = PBXSourcesBuildPhase;
			buildActionMask = 2147483647;
			files = (
				6C1C4DB122B4000700B63203 /* PostsAPIEndToEndTests.swift in Sources */,
				6C1C4DB822B402E700B63203 /* XCTestCase+MemoryLeakTracking.swift in Sources */,
			);
			runOnlyForDeploymentPostprocessing = 0;
		};
		6C5C569822B623CA00582BB9 /* Sources */ = {
			isa = PBXSourcesBuildPhase;
			buildActionMask = 2147483647;
			files = (
				6C5C569F22B623CA00582BB9 /* PostsCacheIntegrationTests.swift in Sources */,
			);
			runOnlyForDeploymentPostprocessing = 0;
		};
		6C93137A22B039FC00387108 /* Sources */ = {
			isa = PBXSourcesBuildPhase;
			buildActionMask = 2147483647;
			files = (
				6C509D9E22B524FA00BC09AF /* FileSystemPostsStore.swift in Sources */,
				6CBF4FAB22B2E5EC0056B55F /* LocalPostsLoader.swift in Sources */,
				6C9313B722B03D3600387108 /* PostsLoader.swift in Sources */,
				C4E3701B22B397E6002A33E3 /* URLSessionHTTPClient.swift in Sources */,
				6CFBFD0522B2172D00CC6E3B /* FailableDecodableArray.swift in Sources */,
				6C509D9322B41ADF00BC09AF /* RemotePostItem.swift in Sources */,
				6C9313BB22B0419200387108 /* RemotePostsLoader.swift in Sources */,
				6C9313BD22B041BF00387108 /* HTTPClient.swift in Sources */,
				6CBF4FAD22B2E64A0056B55F /* PostsStore.swift in Sources */,
				6C9313B522B03C7000387108 /* PostItem.swift in Sources */,
				6CFBFD0322B216D600CC6E3B /* FailableDecodable.swift in Sources */,
				6C9313B322B03A3900387108 /* main.swift in Sources */,
				6CFBFD0722B218AA00CC6E3B /* PostsMapper.swift in Sources */,
				6C509D9122B4190100BC09AF /* LocalPostItem.swift in Sources */,
				6C93138222B039FC00387108 /* AppDelegate.swift in Sources */,
			);
			runOnlyForDeploymentPostprocessing = 0;
		};
		6C93139122B039FD00387108 /* Sources */ = {
			isa = PBXSourcesBuildPhase;
			buildActionMask = 2147483647;
			files = (
				6C509D9A22B4270800BC09AF /* CacheValidationUseCaseTests.swift in Sources */,
				6C509D9822B41C8A00BC09AF /* PostsStoreSpy.swift in Sources */,
				6C509DA222B55E8800BC09AF /* CompletableEvent+TestUtils.swift in Sources */,
				6CFBFD0A22B2D79700CC6E3B /* CachePostsUseCaseTests.swift in Sources */,
				6CBF4FB222B3EE180056B55F /* ModelsFactory.swift in Sources */,
				6C509D9522B41BCC00BC09AF /* LoadFromCacheUseCaseTests.swift in Sources */,
				6CBF4FA822B2E3B20056B55F /* XCTestCase+MemoryLeakTracking.swift in Sources */,
				6C509D9C22B42C9C00BC09AF /* FileSystemPostsStoreTests.swift in Sources */,
				6C509DA022B5386B00BC09AF /* XCTestCase+PostsStoreSpecs.swift in Sources */,
				C4E3701822B39684002A33E3 /* SingleEvent+TestUtils.swift in Sources */,
				C4A4727222B2606C0026C041 /* URLSessionHTTPClientTests.swift in Sources */,
				6C1C4DA922B3FD2E00B63203 /* RemotePostsLoaderTests.swift in Sources */,
			);
			runOnlyForDeploymentPostprocessing = 0;
		};
/* End PBXSourcesBuildPhase section */

/* Begin PBXTargetDependency section */
		6C1C4DB422B4000700B63203 /* PBXTargetDependency */ = {
			isa = PBXTargetDependency;
			target = 6C93137D22B039FC00387108 /* Posts */;
			targetProxy = 6C1C4DB322B4000700B63203 /* PBXContainerItemProxy */;
		};
		6C5C56A222B623CA00582BB9 /* PBXTargetDependency */ = {
			isa = PBXTargetDependency;
			target = 6C93137D22B039FC00387108 /* Posts */;
			targetProxy = 6C5C56A122B623CA00582BB9 /* PBXContainerItemProxy */;
		};
		6C93139722B039FD00387108 /* PBXTargetDependency */ = {
			isa = PBXTargetDependency;
			target = 6C93137D22B039FC00387108 /* Posts */;
			targetProxy = 6C93139622B039FD00387108 /* PBXContainerItemProxy */;
		};
/* End PBXTargetDependency section */

/* Begin XCBuildConfiguration section */
		6C1C4DB522B4000700B63203 /* Debug */ = {
			isa = XCBuildConfiguration;
			baseConfigurationReference = 39E66508BE88AF395B2F0A41 /* Pods-PostsAPIEndToEndTests.debug.xcconfig */;
			buildSettings = {
				BUNDLE_LOADER = "$(TEST_HOST)";
				CODE_SIGN_STYLE = Automatic;
				DEVELOPMENT_TEAM = S7Q3D7C8SW;
				INFOPLIST_FILE = PostsAPIEndToEndTests/Info.plist;
				IPHONEOS_DEPLOYMENT_TARGET = 12.2;
				LD_RUNPATH_SEARCH_PATHS = (
					"$(inherited)",
					"@executable_path/Frameworks",
					"@loader_path/Frameworks",
				);
				PRODUCT_BUNDLE_IDENTIFIER = pgh.PostsAPIEndToEndTests;
				PRODUCT_NAME = "$(TARGET_NAME)";
				SWIFT_VERSION = 4.2;
				TARGETED_DEVICE_FAMILY = "1,2";
				TEST_HOST = "$(BUILT_PRODUCTS_DIR)/Posts.app/Posts";
			};
			name = Debug;
		};
		6C1C4DB622B4000700B63203 /* Release */ = {
			isa = XCBuildConfiguration;
			baseConfigurationReference = D1D4CDE10EBF258A01E2AD27 /* Pods-PostsAPIEndToEndTests.release.xcconfig */;
			buildSettings = {
				BUNDLE_LOADER = "$(TEST_HOST)";
				CODE_SIGN_STYLE = Automatic;
				DEVELOPMENT_TEAM = S7Q3D7C8SW;
				INFOPLIST_FILE = PostsAPIEndToEndTests/Info.plist;
				IPHONEOS_DEPLOYMENT_TARGET = 12.2;
				LD_RUNPATH_SEARCH_PATHS = (
					"$(inherited)",
					"@executable_path/Frameworks",
					"@loader_path/Frameworks",
				);
				PRODUCT_BUNDLE_IDENTIFIER = pgh.PostsAPIEndToEndTests;
				PRODUCT_NAME = "$(TARGET_NAME)";
				SWIFT_VERSION = 4.2;
				TARGETED_DEVICE_FAMILY = "1,2";
				TEST_HOST = "$(BUILT_PRODUCTS_DIR)/Posts.app/Posts";
			};
			name = Release;
		};
		6C5C56A322B623CA00582BB9 /* Debug */ = {
			isa = XCBuildConfiguration;
			baseConfigurationReference = 2B730DA6861C74D0E6FD26C2 /* Pods-PostsCacheIntegrationTests.debug.xcconfig */;
			buildSettings = {
				BUNDLE_LOADER = "$(TEST_HOST)";
				CODE_SIGN_STYLE = Automatic;
				DEVELOPMENT_TEAM = S7Q3D7C8SW;
				INFOPLIST_FILE = PostsCacheIntegrationTests/Info.plist;
				LD_RUNPATH_SEARCH_PATHS = (
					"$(inherited)",
					"@executable_path/Frameworks",
					"@loader_path/Frameworks",
				);
				PRODUCT_BUNDLE_IDENTIFIER = pgh.PostsCacheIntegrationTests;
				PRODUCT_NAME = "$(TARGET_NAME)";
				SWIFT_VERSION = 4.2;
				TARGETED_DEVICE_FAMILY = "1,2";
				TEST_HOST = "$(BUILT_PRODUCTS_DIR)/Posts.app/Posts";
			};
			name = Debug;
		};
		6C5C56A422B623CA00582BB9 /* Release */ = {
			isa = XCBuildConfiguration;
			baseConfigurationReference = 8E83400B1AD3AA70F0D7D114 /* Pods-PostsCacheIntegrationTests.release.xcconfig */;
			buildSettings = {
				BUNDLE_LOADER = "$(TEST_HOST)";
				CODE_SIGN_STYLE = Automatic;
				DEVELOPMENT_TEAM = S7Q3D7C8SW;
				INFOPLIST_FILE = PostsCacheIntegrationTests/Info.plist;
				LD_RUNPATH_SEARCH_PATHS = (
					"$(inherited)",
					"@executable_path/Frameworks",
					"@loader_path/Frameworks",
				);
				PRODUCT_BUNDLE_IDENTIFIER = pgh.PostsCacheIntegrationTests;
				PRODUCT_NAME = "$(TARGET_NAME)";
				SWIFT_VERSION = 4.2;
				TARGETED_DEVICE_FAMILY = "1,2";
				TEST_HOST = "$(BUILT_PRODUCTS_DIR)/Posts.app/Posts";
			};
			name = Release;
		};
		6C9313A722B039FD00387108 /* Debug */ = {
			isa = XCBuildConfiguration;
			buildSettings = {
				ALWAYS_SEARCH_USER_PATHS = NO;
				CLANG_ANALYZER_NONNULL = YES;
				CLANG_ANALYZER_NUMBER_OBJECT_CONVERSION = YES_AGGRESSIVE;
				CLANG_CXX_LANGUAGE_STANDARD = "gnu++14";
				CLANG_CXX_LIBRARY = "libc++";
				CLANG_ENABLE_MODULES = YES;
				CLANG_ENABLE_OBJC_ARC = YES;
				CLANG_ENABLE_OBJC_WEAK = YES;
				CLANG_WARN_BLOCK_CAPTURE_AUTORELEASING = YES;
				CLANG_WARN_BOOL_CONVERSION = YES;
				CLANG_WARN_COMMA = YES;
				CLANG_WARN_CONSTANT_CONVERSION = YES;
				CLANG_WARN_DEPRECATED_OBJC_IMPLEMENTATIONS = YES;
				CLANG_WARN_DIRECT_OBJC_ISA_USAGE = YES_ERROR;
				CLANG_WARN_DOCUMENTATION_COMMENTS = YES;
				CLANG_WARN_EMPTY_BODY = YES;
				CLANG_WARN_ENUM_CONVERSION = YES;
				CLANG_WARN_INFINITE_RECURSION = YES;
				CLANG_WARN_INT_CONVERSION = YES;
				CLANG_WARN_NON_LITERAL_NULL_CONVERSION = YES;
				CLANG_WARN_OBJC_IMPLICIT_RETAIN_SELF = YES;
				CLANG_WARN_OBJC_LITERAL_CONVERSION = YES;
				CLANG_WARN_OBJC_ROOT_CLASS = YES_ERROR;
				CLANG_WARN_RANGE_LOOP_ANALYSIS = YES;
				CLANG_WARN_STRICT_PROTOTYPES = YES;
				CLANG_WARN_SUSPICIOUS_MOVE = YES;
				CLANG_WARN_UNGUARDED_AVAILABILITY = YES_AGGRESSIVE;
				CLANG_WARN_UNREACHABLE_CODE = YES;
				CLANG_WARN__DUPLICATE_METHOD_MATCH = YES;
				CODE_SIGN_IDENTITY = "iPhone Developer";
				COPY_PHASE_STRIP = NO;
				DEBUG_INFORMATION_FORMAT = dwarf;
				ENABLE_STRICT_OBJC_MSGSEND = YES;
				ENABLE_TESTABILITY = YES;
				GCC_C_LANGUAGE_STANDARD = gnu11;
				GCC_DYNAMIC_NO_PIC = NO;
				GCC_NO_COMMON_BLOCKS = YES;
				GCC_OPTIMIZATION_LEVEL = 0;
				GCC_PREPROCESSOR_DEFINITIONS = (
					"DEBUG=1",
					"$(inherited)",
				);
				GCC_WARN_64_TO_32_BIT_CONVERSION = YES;
				GCC_WARN_ABOUT_RETURN_TYPE = YES_ERROR;
				GCC_WARN_UNDECLARED_SELECTOR = YES;
				GCC_WARN_UNINITIALIZED_AUTOS = YES_AGGRESSIVE;
				GCC_WARN_UNUSED_FUNCTION = YES;
				GCC_WARN_UNUSED_VARIABLE = YES;
				IPHONEOS_DEPLOYMENT_TARGET = 12.1;
				MTL_ENABLE_DEBUG_INFO = INCLUDE_SOURCE;
				MTL_FAST_MATH = YES;
				ONLY_ACTIVE_ARCH = YES;
				SDKROOT = iphoneos;
				SWIFT_ACTIVE_COMPILATION_CONDITIONS = DEBUG;
				SWIFT_OPTIMIZATION_LEVEL = "-Onone";
			};
			name = Debug;
		};
		6C9313A822B039FD00387108 /* Release */ = {
			isa = XCBuildConfiguration;
			buildSettings = {
				ALWAYS_SEARCH_USER_PATHS = NO;
				CLANG_ANALYZER_NONNULL = YES;
				CLANG_ANALYZER_NUMBER_OBJECT_CONVERSION = YES_AGGRESSIVE;
				CLANG_CXX_LANGUAGE_STANDARD = "gnu++14";
				CLANG_CXX_LIBRARY = "libc++";
				CLANG_ENABLE_MODULES = YES;
				CLANG_ENABLE_OBJC_ARC = YES;
				CLANG_ENABLE_OBJC_WEAK = YES;
				CLANG_WARN_BLOCK_CAPTURE_AUTORELEASING = YES;
				CLANG_WARN_BOOL_CONVERSION = YES;
				CLANG_WARN_COMMA = YES;
				CLANG_WARN_CONSTANT_CONVERSION = YES;
				CLANG_WARN_DEPRECATED_OBJC_IMPLEMENTATIONS = YES;
				CLANG_WARN_DIRECT_OBJC_ISA_USAGE = YES_ERROR;
				CLANG_WARN_DOCUMENTATION_COMMENTS = YES;
				CLANG_WARN_EMPTY_BODY = YES;
				CLANG_WARN_ENUM_CONVERSION = YES;
				CLANG_WARN_INFINITE_RECURSION = YES;
				CLANG_WARN_INT_CONVERSION = YES;
				CLANG_WARN_NON_LITERAL_NULL_CONVERSION = YES;
				CLANG_WARN_OBJC_IMPLICIT_RETAIN_SELF = YES;
				CLANG_WARN_OBJC_LITERAL_CONVERSION = YES;
				CLANG_WARN_OBJC_ROOT_CLASS = YES_ERROR;
				CLANG_WARN_RANGE_LOOP_ANALYSIS = YES;
				CLANG_WARN_STRICT_PROTOTYPES = YES;
				CLANG_WARN_SUSPICIOUS_MOVE = YES;
				CLANG_WARN_UNGUARDED_AVAILABILITY = YES_AGGRESSIVE;
				CLANG_WARN_UNREACHABLE_CODE = YES;
				CLANG_WARN__DUPLICATE_METHOD_MATCH = YES;
				CODE_SIGN_IDENTITY = "iPhone Developer";
				COPY_PHASE_STRIP = NO;
				DEBUG_INFORMATION_FORMAT = "dwarf-with-dsym";
				ENABLE_NS_ASSERTIONS = NO;
				ENABLE_STRICT_OBJC_MSGSEND = YES;
				GCC_C_LANGUAGE_STANDARD = gnu11;
				GCC_NO_COMMON_BLOCKS = YES;
				GCC_WARN_64_TO_32_BIT_CONVERSION = YES;
				GCC_WARN_ABOUT_RETURN_TYPE = YES_ERROR;
				GCC_WARN_UNDECLARED_SELECTOR = YES;
				GCC_WARN_UNINITIALIZED_AUTOS = YES_AGGRESSIVE;
				GCC_WARN_UNUSED_FUNCTION = YES;
				GCC_WARN_UNUSED_VARIABLE = YES;
				IPHONEOS_DEPLOYMENT_TARGET = 12.1;
				MTL_ENABLE_DEBUG_INFO = NO;
				MTL_FAST_MATH = YES;
				SDKROOT = iphoneos;
				SWIFT_COMPILATION_MODE = wholemodule;
				SWIFT_OPTIMIZATION_LEVEL = "-O";
				VALIDATE_PRODUCT = YES;
			};
			name = Release;
		};
		6C9313AA22B039FD00387108 /* Debug */ = {
			isa = XCBuildConfiguration;
			baseConfigurationReference = 013D1D142011DE4BBD1BD8E6 /* Pods-Posts.debug.xcconfig */;
			buildSettings = {
				ASSETCATALOG_COMPILER_APPICON_NAME = AppIcon;
				CODE_SIGN_STYLE = Automatic;
				DEVELOPMENT_TEAM = S7Q3D7C8SW;
				INFOPLIST_FILE = Posts/Info.plist;
				LD_RUNPATH_SEARCH_PATHS = (
					"$(inherited)",
					"@executable_path/Frameworks",
				);
				PRODUCT_BUNDLE_IDENTIFIER = pgh.Posts;
				PRODUCT_NAME = "$(TARGET_NAME)";
				SWIFT_VERSION = 4.2;
				TARGETED_DEVICE_FAMILY = "1,2";
			};
			name = Debug;
		};
		6C9313AB22B039FD00387108 /* Release */ = {
			isa = XCBuildConfiguration;
			baseConfigurationReference = A0D3D2520F309B72DE1F3129 /* Pods-Posts.release.xcconfig */;
			buildSettings = {
				ASSETCATALOG_COMPILER_APPICON_NAME = AppIcon;
				CODE_SIGN_STYLE = Automatic;
				DEVELOPMENT_TEAM = S7Q3D7C8SW;
				INFOPLIST_FILE = Posts/Info.plist;
				LD_RUNPATH_SEARCH_PATHS = (
					"$(inherited)",
					"@executable_path/Frameworks",
				);
				PRODUCT_BUNDLE_IDENTIFIER = pgh.Posts;
				PRODUCT_NAME = "$(TARGET_NAME)";
				SWIFT_VERSION = 4.2;
				TARGETED_DEVICE_FAMILY = "1,2";
			};
			name = Release;
		};
		6C9313AD22B039FD00387108 /* Debug */ = {
			isa = XCBuildConfiguration;
			baseConfigurationReference = 4C4917DDE44603DEF82F5EE3 /* Pods-PostsTests.debug.xcconfig */;
			buildSettings = {
				ALWAYS_EMBED_SWIFT_STANDARD_LIBRARIES = YES;
				BUNDLE_LOADER = "$(TEST_HOST)";
				CODE_SIGN_STYLE = Automatic;
				DEVELOPMENT_TEAM = S7Q3D7C8SW;
				INFOPLIST_FILE = PostsTests/Info.plist;
				LD_RUNPATH_SEARCH_PATHS = (
					"$(inherited)",
					"@executable_path/Frameworks",
					"@loader_path/Frameworks",
				);
				PRODUCT_BUNDLE_IDENTIFIER = pgh.PostsTests;
				PRODUCT_NAME = "$(TARGET_NAME)";
				SWIFT_VERSION = 4.2;
				TARGETED_DEVICE_FAMILY = "1,2";
				TEST_HOST = "$(BUILT_PRODUCTS_DIR)/Posts.app/Posts";
			};
			name = Debug;
		};
		6C9313AE22B039FD00387108 /* Release */ = {
			isa = XCBuildConfiguration;
			baseConfigurationReference = 7844DA6726E3B169038E10CE /* Pods-PostsTests.release.xcconfig */;
			buildSettings = {
				ALWAYS_EMBED_SWIFT_STANDARD_LIBRARIES = YES;
				BUNDLE_LOADER = "$(TEST_HOST)";
				CODE_SIGN_STYLE = Automatic;
				DEVELOPMENT_TEAM = S7Q3D7C8SW;
				INFOPLIST_FILE = PostsTests/Info.plist;
				LD_RUNPATH_SEARCH_PATHS = (
					"$(inherited)",
					"@executable_path/Frameworks",
					"@loader_path/Frameworks",
				);
				PRODUCT_BUNDLE_IDENTIFIER = pgh.PostsTests;
				PRODUCT_NAME = "$(TARGET_NAME)";
				SWIFT_VERSION = 4.2;
				TARGETED_DEVICE_FAMILY = "1,2";
				TEST_HOST = "$(BUILT_PRODUCTS_DIR)/Posts.app/Posts";
			};
			name = Release;
		};
/* End XCBuildConfiguration section */

/* Begin XCConfigurationList section */
		6C1C4DB722B4000700B63203 /* Build configuration list for PBXNativeTarget "PostsAPIEndToEndTests" */ = {
			isa = XCConfigurationList;
			buildConfigurations = (
				6C1C4DB522B4000700B63203 /* Debug */,
				6C1C4DB622B4000700B63203 /* Release */,
			);
			defaultConfigurationIsVisible = 0;
			defaultConfigurationName = Release;
		};
		6C5C56A522B623CA00582BB9 /* Build configuration list for PBXNativeTarget "PostsCacheIntegrationTests" */ = {
			isa = XCConfigurationList;
			buildConfigurations = (
				6C5C56A322B623CA00582BB9 /* Debug */,
				6C5C56A422B623CA00582BB9 /* Release */,
			);
			defaultConfigurationIsVisible = 0;
			defaultConfigurationName = Release;
		};
		6C93137922B039FC00387108 /* Build configuration list for PBXProject "Posts" */ = {
			isa = XCConfigurationList;
			buildConfigurations = (
				6C9313A722B039FD00387108 /* Debug */,
				6C9313A822B039FD00387108 /* Release */,
			);
			defaultConfigurationIsVisible = 0;
			defaultConfigurationName = Release;
		};
		6C9313A922B039FD00387108 /* Build configuration list for PBXNativeTarget "Posts" */ = {
			isa = XCConfigurationList;
			buildConfigurations = (
				6C9313AA22B039FD00387108 /* Debug */,
				6C9313AB22B039FD00387108 /* Release */,
			);
			defaultConfigurationIsVisible = 0;
			defaultConfigurationName = Release;
		};
		6C9313AC22B039FD00387108 /* Build configuration list for PBXNativeTarget "PostsTests" */ = {
			isa = XCConfigurationList;
			buildConfigurations = (
				6C9313AD22B039FD00387108 /* Debug */,
				6C9313AE22B039FD00387108 /* Release */,
			);
			defaultConfigurationIsVisible = 0;
			defaultConfigurationName = Release;
		};
/* End XCConfigurationList section */
	};
	rootObject = 6C93137622B039FC00387108 /* Project object */;
}
