// !$*UTF8*$!
{
	archiveVersion = 1;
	classes = {
	};
	objectVersion = 50;
	objects = {

/* Begin PBXBuildFile section */
		278B5982AEED81D44121CA12 /* Pods_PostsUITests.framework in Frameworks */ = {isa = PBXBuildFile; fileRef = 920954FBA9EFC1F93374FA33 /* Pods_PostsUITests.framework */; };
		6C93138222B039FC00387108 /* AppDelegate.swift in Sources */ = {isa = PBXBuildFile; fileRef = 6C93138122B039FC00387108 /* AppDelegate.swift */; };
		6C93138C22B039FD00387108 /* Assets.xcassets in Resources */ = {isa = PBXBuildFile; fileRef = 6C93138B22B039FD00387108 /* Assets.xcassets */; };
		6C9313A522B039FD00387108 /* PostsUITests.swift in Sources */ = {isa = PBXBuildFile; fileRef = 6C9313A422B039FD00387108 /* PostsUITests.swift */; };
		6C9313B322B03A3900387108 /* main.swift in Sources */ = {isa = PBXBuildFile; fileRef = 6C9313B222B03A3900387108 /* main.swift */; };
		6C9313B522B03C7000387108 /* PostItem.swift in Sources */ = {isa = PBXBuildFile; fileRef = 6C9313B422B03C7000387108 /* PostItem.swift */; };
		6C9313B722B03D3600387108 /* PostsLoader.swift in Sources */ = {isa = PBXBuildFile; fileRef = 6C9313B622B03D3600387108 /* PostsLoader.swift */; };
		6C9313B922B03E5300387108 /* RemotePostsLoaderTests.swift in Sources */ = {isa = PBXBuildFile; fileRef = 6C9313B822B03E5300387108 /* RemotePostsLoaderTests.swift */; };
		6C9313BB22B0419200387108 /* RemotePostsLoader.swift in Sources */ = {isa = PBXBuildFile; fileRef = 6C9313BA22B0419200387108 /* RemotePostsLoader.swift */; };
		6C9313BD22B041BF00387108 /* HTTPClient.swift in Sources */ = {isa = PBXBuildFile; fileRef = 6C9313BC22B041BF00387108 /* HTTPClient.swift */; };
		6CFBFD0322B216D600CC6E3B /* FailableDecodable.swift in Sources */ = {isa = PBXBuildFile; fileRef = 6CFBFD0222B216D600CC6E3B /* FailableDecodable.swift */; };
		6CFBFD0522B2172D00CC6E3B /* FailableDecodableArray.swift in Sources */ = {isa = PBXBuildFile; fileRef = 6CFBFD0422B2172D00CC6E3B /* FailableDecodableArray.swift */; };
		6CFBFD0722B218AA00CC6E3B /* PostsMapper.swift in Sources */ = {isa = PBXBuildFile; fileRef = 6CFBFD0622B218AA00CC6E3B /* PostsMapper.swift */; };
		76895EDAA603A5477F183A9E /* Pods_PostsTests.framework in Frameworks */ = {isa = PBXBuildFile; fileRef = 9AE0EC49208E0E3CE5E807BF /* Pods_PostsTests.framework */; };
		954CD6DE46EF1D37C4437D37 /* Pods_Posts.framework in Frameworks */ = {isa = PBXBuildFile; fileRef = 40E853228AFCC463A7615EF1 /* Pods_Posts.framework */; };
/* End PBXBuildFile section */

/* Begin PBXContainerItemProxy section */
		6C93139622B039FD00387108 /* PBXContainerItemProxy */ = {
			isa = PBXContainerItemProxy;
			containerPortal = 6C93137622B039FC00387108 /* Project object */;
			proxyType = 1;
			remoteGlobalIDString = 6C93137D22B039FC00387108;
			remoteInfo = Posts;
		};
		6C9313A122B039FD00387108 /* PBXContainerItemProxy */ = {
			isa = PBXContainerItemProxy;
			containerPortal = 6C93137622B039FC00387108 /* Project object */;
			proxyType = 1;
			remoteGlobalIDString = 6C93137D22B039FC00387108;
			remoteInfo = Posts;
		};
/* End PBXContainerItemProxy section */

/* Begin PBXFileReference section */
		013D1D142011DE4BBD1BD8E6 /* Pods-Posts.debug.xcconfig */ = {isa = PBXFileReference; includeInIndex = 1; lastKnownFileType = text.xcconfig; name = "Pods-Posts.debug.xcconfig"; path = "Target Support Files/Pods-Posts/Pods-Posts.debug.xcconfig"; sourceTree = "<group>"; };
		40E853228AFCC463A7615EF1 /* Pods_Posts.framework */ = {isa = PBXFileReference; explicitFileType = wrapper.framework; includeInIndex = 0; path = Pods_Posts.framework; sourceTree = BUILT_PRODUCTS_DIR; };
		4C4917DDE44603DEF82F5EE3 /* Pods-PostsTests.debug.xcconfig */ = {isa = PBXFileReference; includeInIndex = 1; lastKnownFileType = text.xcconfig; name = "Pods-PostsTests.debug.xcconfig"; path = "Target Support Files/Pods-PostsTests/Pods-PostsTests.debug.xcconfig"; sourceTree = "<group>"; };
		6C93137E22B039FC00387108 /* Posts.app */ = {isa = PBXFileReference; explicitFileType = wrapper.application; includeInIndex = 0; path = Posts.app; sourceTree = BUILT_PRODUCTS_DIR; };
		6C93138122B039FC00387108 /* AppDelegate.swift */ = {isa = PBXFileReference; lastKnownFileType = sourcecode.swift; path = AppDelegate.swift; sourceTree = "<group>"; };
		6C93138B22B039FD00387108 /* Assets.xcassets */ = {isa = PBXFileReference; lastKnownFileType = folder.assetcatalog; path = Assets.xcassets; sourceTree = "<group>"; };
		6C93139022B039FD00387108 /* Info.plist */ = {isa = PBXFileReference; lastKnownFileType = text.plist.xml; path = Info.plist; sourceTree = "<group>"; };
		6C93139522B039FD00387108 /* PostsTests.xctest */ = {isa = PBXFileReference; explicitFileType = wrapper.cfbundle; includeInIndex = 0; path = PostsTests.xctest; sourceTree = BUILT_PRODUCTS_DIR; };
		6C93139B22B039FD00387108 /* Info.plist */ = {isa = PBXFileReference; lastKnownFileType = text.plist.xml; path = Info.plist; sourceTree = "<group>"; };
		6C9313A022B039FD00387108 /* PostsUITests.xctest */ = {isa = PBXFileReference; explicitFileType = wrapper.cfbundle; includeInIndex = 0; path = PostsUITests.xctest; sourceTree = BUILT_PRODUCTS_DIR; };
		6C9313A422B039FD00387108 /* PostsUITests.swift */ = {isa = PBXFileReference; lastKnownFileType = sourcecode.swift; path = PostsUITests.swift; sourceTree = "<group>"; };
		6C9313A622B039FD00387108 /* Info.plist */ = {isa = PBXFileReference; lastKnownFileType = text.plist.xml; path = Info.plist; sourceTree = "<group>"; };
		6C9313B222B03A3900387108 /* main.swift */ = {isa = PBXFileReference; fileEncoding = 4; lastKnownFileType = sourcecode.swift; path = main.swift; sourceTree = "<group>"; };
		6C9313B422B03C7000387108 /* PostItem.swift */ = {isa = PBXFileReference; lastKnownFileType = sourcecode.swift; path = PostItem.swift; sourceTree = "<group>"; };
		6C9313B622B03D3600387108 /* PostsLoader.swift */ = {isa = PBXFileReference; lastKnownFileType = sourcecode.swift; path = PostsLoader.swift; sourceTree = "<group>"; };
		6C9313B822B03E5300387108 /* RemotePostsLoaderTests.swift */ = {isa = PBXFileReference; lastKnownFileType = sourcecode.swift; path = RemotePostsLoaderTests.swift; sourceTree = "<group>"; };
		6C9313BA22B0419200387108 /* RemotePostsLoader.swift */ = {isa = PBXFileReference; lastKnownFileType = sourcecode.swift; path = RemotePostsLoader.swift; sourceTree = "<group>"; };
		6C9313BC22B041BF00387108 /* HTTPClient.swift */ = {isa = PBXFileReference; lastKnownFileType = sourcecode.swift; path = HTTPClient.swift; sourceTree = "<group>"; };
		6CFBFD0222B216D600CC6E3B /* FailableDecodable.swift */ = {isa = PBXFileReference; lastKnownFileType = sourcecode.swift; path = FailableDecodable.swift; sourceTree = "<group>"; };
		6CFBFD0422B2172D00CC6E3B /* FailableDecodableArray.swift */ = {isa = PBXFileReference; lastKnownFileType = sourcecode.swift; path = FailableDecodableArray.swift; sourceTree = "<group>"; };
		6CFBFD0622B218AA00CC6E3B /* PostsMapper.swift */ = {isa = PBXFileReference; lastKnownFileType = sourcecode.swift; path = PostsMapper.swift; sourceTree = "<group>"; };
		7844DA6726E3B169038E10CE /* Pods-PostsTests.release.xcconfig */ = {isa = PBXFileReference; includeInIndex = 1; lastKnownFileType = text.xcconfig; name = "Pods-PostsTests.release.xcconfig"; path = "Target Support Files/Pods-PostsTests/Pods-PostsTests.release.xcconfig"; sourceTree = "<group>"; };
		920954FBA9EFC1F93374FA33 /* Pods_PostsUITests.framework */ = {isa = PBXFileReference; explicitFileType = wrapper.framework; includeInIndex = 0; path = Pods_PostsUITests.framework; sourceTree = BUILT_PRODUCTS_DIR; };
		9AE0EC49208E0E3CE5E807BF /* Pods_PostsTests.framework */ = {isa = PBXFileReference; explicitFileType = wrapper.framework; includeInIndex = 0; path = Pods_PostsTests.framework; sourceTree = BUILT_PRODUCTS_DIR; };
		A0D3D2520F309B72DE1F3129 /* Pods-Posts.release.xcconfig */ = {isa = PBXFileReference; includeInIndex = 1; lastKnownFileType = text.xcconfig; name = "Pods-Posts.release.xcconfig"; path = "Target Support Files/Pods-Posts/Pods-Posts.release.xcconfig"; sourceTree = "<group>"; };
		DE78D1EF15C251089F17BBBB /* Pods-PostsUITests.debug.xcconfig */ = {isa = PBXFileReference; includeInIndex = 1; lastKnownFileType = text.xcconfig; name = "Pods-PostsUITests.debug.xcconfig"; path = "Target Support Files/Pods-PostsUITests/Pods-PostsUITests.debug.xcconfig"; sourceTree = "<group>"; };
		FAC4EFC3A6E893882974B3F4 /* Pods-PostsUITests.release.xcconfig */ = {isa = PBXFileReference; includeInIndex = 1; lastKnownFileType = text.xcconfig; name = "Pods-PostsUITests.release.xcconfig"; path = "Target Support Files/Pods-PostsUITests/Pods-PostsUITests.release.xcconfig"; sourceTree = "<group>"; };
/* End PBXFileReference section */

/* Begin PBXFrameworksBuildPhase section */
		6C93137B22B039FC00387108 /* Frameworks */ = {
			isa = PBXFrameworksBuildPhase;
			buildActionMask = 2147483647;
			files = (
				954CD6DE46EF1D37C4437D37 /* Pods_Posts.framework in Frameworks */,
			);
			runOnlyForDeploymentPostprocessing = 0;
		};
		6C93139222B039FD00387108 /* Frameworks */ = {
			isa = PBXFrameworksBuildPhase;
			buildActionMask = 2147483647;
			files = (
				76895EDAA603A5477F183A9E /* Pods_PostsTests.framework in Frameworks */,
			);
			runOnlyForDeploymentPostprocessing = 0;
		};
		6C93139D22B039FD00387108 /* Frameworks */ = {
			isa = PBXFrameworksBuildPhase;
			buildActionMask = 2147483647;
			files = (
				278B5982AEED81D44121CA12 /* Pods_PostsUITests.framework in Frameworks */,
			);
			runOnlyForDeploymentPostprocessing = 0;
		};
/* End PBXFrameworksBuildPhase section */

/* Begin PBXGroup section */
		6C93137522B039FC00387108 = {
			isa = PBXGroup;
			children = (
				6C93138022B039FC00387108 /* Posts */,
				6C93139822B039FD00387108 /* PostsTests */,
				6C9313A322B039FD00387108 /* PostsUITests */,
				6C93137F22B039FC00387108 /* Products */,
				D7C1586180952416A450402E /* Pods */,
				73D5D67CCE1A06827C8CAA61 /* Frameworks */,
			);
			sourceTree = "<group>";
		};
		6C93137F22B039FC00387108 /* Products */ = {
			isa = PBXGroup;
			children = (
				6C93137E22B039FC00387108 /* Posts.app */,
				6C93139522B039FD00387108 /* PostsTests.xctest */,
				6C9313A022B039FD00387108 /* PostsUITests.xctest */,
			);
			name = Products;
			sourceTree = "<group>";
		};
		6C93138022B039FC00387108 /* Posts */ = {
			isa = PBXGroup;
			children = (
				6CFBFD0822B21B4400CC6E3B /* PostsFeature */,
				6CFBFD0122B216AC00CC6E3B /* Utils */,
				6C93138122B039FC00387108 /* AppDelegate.swift */,
				6C93138B22B039FD00387108 /* Assets.xcassets */,
				6C9313B222B03A3900387108 /* main.swift */,
				6C93139022B039FD00387108 /* Info.plist */,
				6C9313BC22B041BF00387108 /* HTTPClient.swift */,
			);
			path = Posts;
			sourceTree = "<group>";
		};
		6C93139822B039FD00387108 /* PostsTests */ = {
			isa = PBXGroup;
			children = (
				6C93139B22B039FD00387108 /* Info.plist */,
				6C9313B822B03E5300387108 /* RemotePostsLoaderTests.swift */,
			);
			path = PostsTests;
			sourceTree = "<group>";
		};
		6C9313A322B039FD00387108 /* PostsUITests */ = {
			isa = PBXGroup;
			children = (
				6C9313A422B039FD00387108 /* PostsUITests.swift */,
				6C9313A622B039FD00387108 /* Info.plist */,
			);
			path = PostsUITests;
			sourceTree = "<group>";
		};
		6CFBFD0122B216AC00CC6E3B /* Utils */ = {
			isa = PBXGroup;
			children = (
				6CFBFD0222B216D600CC6E3B /* FailableDecodable.swift */,
				6CFBFD0422B2172D00CC6E3B /* FailableDecodableArray.swift */,
			);
			path = Utils;
			sourceTree = "<group>";
		};
		6CFBFD0822B21B4400CC6E3B /* PostsFeature */ = {
			isa = PBXGroup;
			children = (
				6C9313B422B03C7000387108 /* PostItem.swift */,
				6C9313B622B03D3600387108 /* PostsLoader.swift */,
				6C9313BA22B0419200387108 /* RemotePostsLoader.swift */,
				6CFBFD0622B218AA00CC6E3B /* PostsMapper.swift */,
			);
			path = PostsFeature;
			sourceTree = "<group>";
		};
		73D5D67CCE1A06827C8CAA61 /* Frameworks */ = {
			isa = PBXGroup;
			children = (
				40E853228AFCC463A7615EF1 /* Pods_Posts.framework */,
				9AE0EC49208E0E3CE5E807BF /* Pods_PostsTests.framework */,
				920954FBA9EFC1F93374FA33 /* Pods_PostsUITests.framework */,
			);
			name = Frameworks;
			sourceTree = "<group>";
		};
		D7C1586180952416A450402E /* Pods */ = {
			isa = PBXGroup;
			children = (
				013D1D142011DE4BBD1BD8E6 /* Pods-Posts.debug.xcconfig */,
				A0D3D2520F309B72DE1F3129 /* Pods-Posts.release.xcconfig */,
				4C4917DDE44603DEF82F5EE3 /* Pods-PostsTests.debug.xcconfig */,
				7844DA6726E3B169038E10CE /* Pods-PostsTests.release.xcconfig */,
				DE78D1EF15C251089F17BBBB /* Pods-PostsUITests.debug.xcconfig */,
				FAC4EFC3A6E893882974B3F4 /* Pods-PostsUITests.release.xcconfig */,
			);
			path = Pods;
			sourceTree = "<group>";
		};
/* End PBXGroup section */

/* Begin PBXNativeTarget section */
		6C93137D22B039FC00387108 /* Posts */ = {
			isa = PBXNativeTarget;
			buildConfigurationList = 6C9313A922B039FD00387108 /* Build configuration list for PBXNativeTarget "Posts" */;
			buildPhases = (
				010AE0D7EED2B3946C3419B9 /* [CP] Check Pods Manifest.lock */,
				6C93137A22B039FC00387108 /* Sources */,
				6C93137B22B039FC00387108 /* Frameworks */,
				6C93137C22B039FC00387108 /* Resources */,
				472510E431E1E85AA13D605C /* [CP] Embed Pods Frameworks */,
			);
			buildRules = (
			);
			dependencies = (
			);
			name = Posts;
			productName = Posts;
			productReference = 6C93137E22B039FC00387108 /* Posts.app */;
			productType = "com.apple.product-type.application";
		};
		6C93139422B039FD00387108 /* PostsTests */ = {
			isa = PBXNativeTarget;
			buildConfigurationList = 6C9313AC22B039FD00387108 /* Build configuration list for PBXNativeTarget "PostsTests" */;
			buildPhases = (
				D95AD4F0B8BDD8380079C2C4 /* [CP] Check Pods Manifest.lock */,
				6C93139122B039FD00387108 /* Sources */,
				6C93139222B039FD00387108 /* Frameworks */,
				6C93139322B039FD00387108 /* Resources */,
				773A4A1CFB9BBFBA8089A42A /* [CP] Embed Pods Frameworks */,
			);
			buildRules = (
			);
			dependencies = (
				6C93139722B039FD00387108 /* PBXTargetDependency */,
			);
			name = PostsTests;
			productName = PostsTests;
			productReference = 6C93139522B039FD00387108 /* PostsTests.xctest */;
			productType = "com.apple.product-type.bundle.unit-test";
		};
		6C93139F22B039FD00387108 /* PostsUITests */ = {
			isa = PBXNativeTarget;
			buildConfigurationList = 6C9313AF22B039FD00387108 /* Build configuration list for PBXNativeTarget "PostsUITests" */;
			buildPhases = (
				325EA344757A133FC02CE8D0 /* [CP] Check Pods Manifest.lock */,
				6C93139C22B039FD00387108 /* Sources */,
				6C93139D22B039FD00387108 /* Frameworks */,
				6C93139E22B039FD00387108 /* Resources */,
			);
			buildRules = (
			);
			dependencies = (
				6C9313A222B039FD00387108 /* PBXTargetDependency */,
			);
			name = PostsUITests;
			productName = PostsUITests;
			productReference = 6C9313A022B039FD00387108 /* PostsUITests.xctest */;
			productType = "com.apple.product-type.bundle.ui-testing";
		};
/* End PBXNativeTarget section */

/* Begin PBXProject section */
		6C93137622B039FC00387108 /* Project object */ = {
			isa = PBXProject;
			attributes = {
				LastSwiftUpdateCheck = 1010;
				LastUpgradeCheck = 1010;
				ORGANIZATIONNAME = "Pusca Ghenadie";
				TargetAttributes = {
					6C93137D22B039FC00387108 = {
						CreatedOnToolsVersion = 10.1;
					};
					6C93139422B039FD00387108 = {
						CreatedOnToolsVersion = 10.1;
						TestTargetID = 6C93137D22B039FC00387108;
					};
					6C93139F22B039FD00387108 = {
						CreatedOnToolsVersion = 10.1;
						TestTargetID = 6C93137D22B039FC00387108;
					};
				};
			};
			buildConfigurationList = 6C93137922B039FC00387108 /* Build configuration list for PBXProject "Posts" */;
			compatibilityVersion = "Xcode 9.3";
			developmentRegion = en;
			hasScannedForEncodings = 0;
			knownRegions = (
				en,
				Base,
			);
			mainGroup = 6C93137522B039FC00387108;
			productRefGroup = 6C93137F22B039FC00387108 /* Products */;
			projectDirPath = "";
			projectRoot = "";
			targets = (
				6C93137D22B039FC00387108 /* Posts */,
				6C93139422B039FD00387108 /* PostsTests */,
				6C93139F22B039FD00387108 /* PostsUITests */,
			);
		};
/* End PBXProject section */

/* Begin PBXResourcesBuildPhase section */
		6C93137C22B039FC00387108 /* Resources */ = {
			isa = PBXResourcesBuildPhase;
			buildActionMask = 2147483647;
			files = (
				6C93138C22B039FD00387108 /* Assets.xcassets in Resources */,
			);
			runOnlyForDeploymentPostprocessing = 0;
		};
		6C93139322B039FD00387108 /* Resources */ = {
			isa = PBXResourcesBuildPhase;
			buildActionMask = 2147483647;
			files = (
			);
			runOnlyForDeploymentPostprocessing = 0;
		};
		6C93139E22B039FD00387108 /* Resources */ = {
			isa = PBXResourcesBuildPhase;
			buildActionMask = 2147483647;
			files = (
			);
			runOnlyForDeploymentPostprocessing = 0;
		};
/* End PBXResourcesBuildPhase section */

/* Begin PBXShellScriptBuildPhase section */
		010AE0D7EED2B3946C3419B9 /* [CP] Check Pods Manifest.lock */ = {
			isa = PBXShellScriptBuildPhase;
			buildActionMask = 2147483647;
			files = (
			);
			inputFileListPaths = (
			);
			inputPaths = (
				"${PODS_PODFILE_DIR_PATH}/Podfile.lock",
				"${PODS_ROOT}/Manifest.lock",
			);
			name = "[CP] Check Pods Manifest.lock";
			outputFileListPaths = (
			);
			outputPaths = (
				"$(DERIVED_FILE_DIR)/Pods-Posts-checkManifestLockResult.txt",
			);
			runOnlyForDeploymentPostprocessing = 0;
			shellPath = /bin/sh;
			shellScript = "diff \"${PODS_PODFILE_DIR_PATH}/Podfile.lock\" \"${PODS_ROOT}/Manifest.lock\" > /dev/null\nif [ $? != 0 ] ; then\n    # print error to STDERR\n    echo \"error: The sandbox is not in sync with the Podfile.lock. Run 'pod install' or update your CocoaPods installation.\" >&2\n    exit 1\nfi\n# This output is used by Xcode 'outputs' to avoid re-running this script phase.\necho \"SUCCESS\" > \"${SCRIPT_OUTPUT_FILE_0}\"\n";
			showEnvVarsInLog = 0;
		};
		325EA344757A133FC02CE8D0 /* [CP] Check Pods Manifest.lock */ = {
			isa = PBXShellScriptBuildPhase;
			buildActionMask = 2147483647;
			files = (
			);
			inputFileListPaths = (
			);
			inputPaths = (
				"${PODS_PODFILE_DIR_PATH}/Podfile.lock",
				"${PODS_ROOT}/Manifest.lock",
			);
			name = "[CP] Check Pods Manifest.lock";
			outputFileListPaths = (
			);
			outputPaths = (
				"$(DERIVED_FILE_DIR)/Pods-PostsUITests-checkManifestLockResult.txt",
			);
			runOnlyForDeploymentPostprocessing = 0;
			shellPath = /bin/sh;
			shellScript = "diff \"${PODS_PODFILE_DIR_PATH}/Podfile.lock\" \"${PODS_ROOT}/Manifest.lock\" > /dev/null\nif [ $? != 0 ] ; then\n    # print error to STDERR\n    echo \"error: The sandbox is not in sync with the Podfile.lock. Run 'pod install' or update your CocoaPods installation.\" >&2\n    exit 1\nfi\n# This output is used by Xcode 'outputs' to avoid re-running this script phase.\necho \"SUCCESS\" > \"${SCRIPT_OUTPUT_FILE_0}\"\n";
			showEnvVarsInLog = 0;
		};
		472510E431E1E85AA13D605C /* [CP] Embed Pods Frameworks */ = {
			isa = PBXShellScriptBuildPhase;
			buildActionMask = 2147483647;
			files = (
			);
			inputFileListPaths = (
				"${PODS_ROOT}/Target Support Files/Pods-Posts/Pods-Posts-frameworks-${CONFIGURATION}-input-files.xcfilelist",
			);
			name = "[CP] Embed Pods Frameworks";
			outputFileListPaths = (
				"${PODS_ROOT}/Target Support Files/Pods-Posts/Pods-Posts-frameworks-${CONFIGURATION}-output-files.xcfilelist",
			);
			runOnlyForDeploymentPostprocessing = 0;
			shellPath = /bin/sh;
			shellScript = "\"${PODS_ROOT}/Target Support Files/Pods-Posts/Pods-Posts-frameworks.sh\"\n";
			showEnvVarsInLog = 0;
		};
		773A4A1CFB9BBFBA8089A42A /* [CP] Embed Pods Frameworks */ = {
			isa = PBXShellScriptBuildPhase;
			buildActionMask = 2147483647;
			files = (
			);
			inputFileListPaths = (
				"${PODS_ROOT}/Target Support Files/Pods-PostsTests/Pods-PostsTests-frameworks-${CONFIGURATION}-input-files.xcfilelist",
			);
			name = "[CP] Embed Pods Frameworks";
			outputFileListPaths = (
				"${PODS_ROOT}/Target Support Files/Pods-PostsTests/Pods-PostsTests-frameworks-${CONFIGURATION}-output-files.xcfilelist",
			);
			runOnlyForDeploymentPostprocessing = 0;
			shellPath = /bin/sh;
			shellScript = "\"${PODS_ROOT}/Target Support Files/Pods-PostsTests/Pods-PostsTests-frameworks.sh\"\n";
			showEnvVarsInLog = 0;
		};
		D95AD4F0B8BDD8380079C2C4 /* [CP] Check Pods Manifest.lock */ = {
			isa = PBXShellScriptBuildPhase;
			buildActionMask = 2147483647;
			files = (
			);
			inputFileListPaths = (
			);
			inputPaths = (
				"${PODS_PODFILE_DIR_PATH}/Podfile.lock",
				"${PODS_ROOT}/Manifest.lock",
			);
			name = "[CP] Check Pods Manifest.lock";
			outputFileListPaths = (
			);
			outputPaths = (
				"$(DERIVED_FILE_DIR)/Pods-PostsTests-checkManifestLockResult.txt",
			);
			runOnlyForDeploymentPostprocessing = 0;
			shellPath = /bin/sh;
			shellScript = "diff \"${PODS_PODFILE_DIR_PATH}/Podfile.lock\" \"${PODS_ROOT}/Manifest.lock\" > /dev/null\nif [ $? != 0 ] ; then\n    # print error to STDERR\n    echo \"error: The sandbox is not in sync with the Podfile.lock. Run 'pod install' or update your CocoaPods installation.\" >&2\n    exit 1\nfi\n# This output is used by Xcode 'outputs' to avoid re-running this script phase.\necho \"SUCCESS\" > \"${SCRIPT_OUTPUT_FILE_0}\"\n";
			showEnvVarsInLog = 0;
		};
/* End PBXShellScriptBuildPhase section */

/* Begin PBXSourcesBuildPhase section */
		6C93137A22B039FC00387108 /* Sources */ = {
			isa = PBXSourcesBuildPhase;
			buildActionMask = 2147483647;
			files = (
				6C9313B722B03D3600387108 /* PostsLoader.swift in Sources */,
				6CFBFD0522B2172D00CC6E3B /* FailableDecodableArray.swift in Sources */,
				6C9313BB22B0419200387108 /* RemotePostsLoader.swift in Sources */,
				6C9313BD22B041BF00387108 /* HTTPClient.swift in Sources */,
				6C9313B522B03C7000387108 /* PostItem.swift in Sources */,
				6CFBFD0322B216D600CC6E3B /* FailableDecodable.swift in Sources */,
				6C9313B322B03A3900387108 /* main.swift in Sources */,
				6CFBFD0722B218AA00CC6E3B /* PostsMapper.swift in Sources */,
				6C93138222B039FC00387108 /* AppDelegate.swift in Sources */,
			);
			runOnlyForDeploymentPostprocessing = 0;
		};
		6C93139122B039FD00387108 /* Sources */ = {
			isa = PBXSourcesBuildPhase;
			buildActionMask = 2147483647;
			files = (
				6C9313B922B03E5300387108 /* RemotePostsLoaderTests.swift in Sources */,
			);
			runOnlyForDeploymentPostprocessing = 0;
		};
		6C93139C22B039FD00387108 /* Sources */ = {
			isa = PBXSourcesBuildPhase;
			buildActionMask = 2147483647;
			files = (
				6C9313A522B039FD00387108 /* PostsUITests.swift in Sources */,
			);
			runOnlyForDeploymentPostprocessing = 0;
		};
/* End PBXSourcesBuildPhase section */

/* Begin PBXTargetDependency section */
		6C93139722B039FD00387108 /* PBXTargetDependency */ = {
			isa = PBXTargetDependency;
			target = 6C93137D22B039FC00387108 /* Posts */;
			targetProxy = 6C93139622B039FD00387108 /* PBXContainerItemProxy */;
		};
		6C9313A222B039FD00387108 /* PBXTargetDependency */ = {
			isa = PBXTargetDependency;
			target = 6C93137D22B039FC00387108 /* Posts */;
			targetProxy = 6C9313A122B039FD00387108 /* PBXContainerItemProxy */;
		};
/* End PBXTargetDependency section */

/* Begin XCBuildConfiguration section */
		6C9313A722B039FD00387108 /* Debug */ = {
			isa = XCBuildConfiguration;
			buildSettings = {
				ALWAYS_SEARCH_USER_PATHS = NO;
				CLANG_ANALYZER_NONNULL = YES;
				CLANG_ANALYZER_NUMBER_OBJECT_CONVERSION = YES_AGGRESSIVE;
				CLANG_CXX_LANGUAGE_STANDARD = "gnu++14";
				CLANG_CXX_LIBRARY = "libc++";
				CLANG_ENABLE_MODULES = YES;
				CLANG_ENABLE_OBJC_ARC = YES;
				CLANG_ENABLE_OBJC_WEAK = YES;
				CLANG_WARN_BLOCK_CAPTURE_AUTORELEASING = YES;
				CLANG_WARN_BOOL_CONVERSION = YES;
				CLANG_WARN_COMMA = YES;
				CLANG_WARN_CONSTANT_CONVERSION = YES;
				CLANG_WARN_DEPRECATED_OBJC_IMPLEMENTATIONS = YES;
				CLANG_WARN_DIRECT_OBJC_ISA_USAGE = YES_ERROR;
				CLANG_WARN_DOCUMENTATION_COMMENTS = YES;
				CLANG_WARN_EMPTY_BODY = YES;
				CLANG_WARN_ENUM_CONVERSION = YES;
				CLANG_WARN_INFINITE_RECURSION = YES;
				CLANG_WARN_INT_CONVERSION = YES;
				CLANG_WARN_NON_LITERAL_NULL_CONVERSION = YES;
				CLANG_WARN_OBJC_IMPLICIT_RETAIN_SELF = YES;
				CLANG_WARN_OBJC_LITERAL_CONVERSION = YES;
				CLANG_WARN_OBJC_ROOT_CLASS = YES_ERROR;
				CLANG_WARN_RANGE_LOOP_ANALYSIS = YES;
				CLANG_WARN_STRICT_PROTOTYPES = YES;
				CLANG_WARN_SUSPICIOUS_MOVE = YES;
				CLANG_WARN_UNGUARDED_AVAILABILITY = YES_AGGRESSIVE;
				CLANG_WARN_UNREACHABLE_CODE = YES;
				CLANG_WARN__DUPLICATE_METHOD_MATCH = YES;
				CODE_SIGN_IDENTITY = "iPhone Developer";
				COPY_PHASE_STRIP = NO;
				DEBUG_INFORMATION_FORMAT = dwarf;
				ENABLE_STRICT_OBJC_MSGSEND = YES;
				ENABLE_TESTABILITY = YES;
				GCC_C_LANGUAGE_STANDARD = gnu11;
				GCC_DYNAMIC_NO_PIC = NO;
				GCC_NO_COMMON_BLOCKS = YES;
				GCC_OPTIMIZATION_LEVEL = 0;
				GCC_PREPROCESSOR_DEFINITIONS = (
					"DEBUG=1",
					"$(inherited)",
				);
				GCC_WARN_64_TO_32_BIT_CONVERSION = YES;
				GCC_WARN_ABOUT_RETURN_TYPE = YES_ERROR;
				GCC_WARN_UNDECLARED_SELECTOR = YES;
				GCC_WARN_UNINITIALIZED_AUTOS = YES_AGGRESSIVE;
				GCC_WARN_UNUSED_FUNCTION = YES;
				GCC_WARN_UNUSED_VARIABLE = YES;
				IPHONEOS_DEPLOYMENT_TARGET = 12.1;
				MTL_ENABLE_DEBUG_INFO = INCLUDE_SOURCE;
				MTL_FAST_MATH = YES;
				ONLY_ACTIVE_ARCH = YES;
				SDKROOT = iphoneos;
				SWIFT_ACTIVE_COMPILATION_CONDITIONS = DEBUG;
				SWIFT_OPTIMIZATION_LEVEL = "-Onone";
			};
			name = Debug;
		};
		6C9313A822B039FD00387108 /* Release */ = {
			isa = XCBuildConfiguration;
			buildSettings = {
				ALWAYS_SEARCH_USER_PATHS = NO;
				CLANG_ANALYZER_NONNULL = YES;
				CLANG_ANALYZER_NUMBER_OBJECT_CONVERSION = YES_AGGRESSIVE;
				CLANG_CXX_LANGUAGE_STANDARD = "gnu++14";
				CLANG_CXX_LIBRARY = "libc++";
				CLANG_ENABLE_MODULES = YES;
				CLANG_ENABLE_OBJC_ARC = YES;
				CLANG_ENABLE_OBJC_WEAK = YES;
				CLANG_WARN_BLOCK_CAPTURE_AUTORELEASING = YES;
				CLANG_WARN_BOOL_CONVERSION = YES;
				CLANG_WARN_COMMA = YES;
				CLANG_WARN_CONSTANT_CONVERSION = YES;
				CLANG_WARN_DEPRECATED_OBJC_IMPLEMENTATIONS = YES;
				CLANG_WARN_DIRECT_OBJC_ISA_USAGE = YES_ERROR;
				CLANG_WARN_DOCUMENTATION_COMMENTS = YES;
				CLANG_WARN_EMPTY_BODY = YES;
				CLANG_WARN_ENUM_CONVERSION = YES;
				CLANG_WARN_INFINITE_RECURSION = YES;
				CLANG_WARN_INT_CONVERSION = YES;
				CLANG_WARN_NON_LITERAL_NULL_CONVERSION = YES;
				CLANG_WARN_OBJC_IMPLICIT_RETAIN_SELF = YES;
				CLANG_WARN_OBJC_LITERAL_CONVERSION = YES;
				CLANG_WARN_OBJC_ROOT_CLASS = YES_ERROR;
				CLANG_WARN_RANGE_LOOP_ANALYSIS = YES;
				CLANG_WARN_STRICT_PROTOTYPES = YES;
				CLANG_WARN_SUSPICIOUS_MOVE = YES;
				CLANG_WARN_UNGUARDED_AVAILABILITY = YES_AGGRESSIVE;
				CLANG_WARN_UNREACHABLE_CODE = YES;
				CLANG_WARN__DUPLICATE_METHOD_MATCH = YES;
				CODE_SIGN_IDENTITY = "iPhone Developer";
				COPY_PHASE_STRIP = NO;
				DEBUG_INFORMATION_FORMAT = "dwarf-with-dsym";
				ENABLE_NS_ASSERTIONS = NO;
				ENABLE_STRICT_OBJC_MSGSEND = YES;
				GCC_C_LANGUAGE_STANDARD = gnu11;
				GCC_NO_COMMON_BLOCKS = YES;
				GCC_WARN_64_TO_32_BIT_CONVERSION = YES;
				GCC_WARN_ABOUT_RETURN_TYPE = YES_ERROR;
				GCC_WARN_UNDECLARED_SELECTOR = YES;
				GCC_WARN_UNINITIALIZED_AUTOS = YES_AGGRESSIVE;
				GCC_WARN_UNUSED_FUNCTION = YES;
				GCC_WARN_UNUSED_VARIABLE = YES;
				IPHONEOS_DEPLOYMENT_TARGET = 12.1;
				MTL_ENABLE_DEBUG_INFO = NO;
				MTL_FAST_MATH = YES;
				SDKROOT = iphoneos;
				SWIFT_COMPILATION_MODE = wholemodule;
				SWIFT_OPTIMIZATION_LEVEL = "-O";
				VALIDATE_PRODUCT = YES;
			};
			name = Release;
		};
		6C9313AA22B039FD00387108 /* Debug */ = {
			isa = XCBuildConfiguration;
			baseConfigurationReference = 013D1D142011DE4BBD1BD8E6 /* Pods-Posts.debug.xcconfig */;
			buildSettings = {
				ASSETCATALOG_COMPILER_APPICON_NAME = AppIcon;
				CODE_SIGN_STYLE = Automatic;
				DEVELOPMENT_TEAM = S7Q3D7C8SW;
				INFOPLIST_FILE = Posts/Info.plist;
				LD_RUNPATH_SEARCH_PATHS = (
					"$(inherited)",
					"@executable_path/Frameworks",
				);
				PRODUCT_BUNDLE_IDENTIFIER = pgh.Posts;
				PRODUCT_NAME = "$(TARGET_NAME)";
				SWIFT_VERSION = 4.2;
				TARGETED_DEVICE_FAMILY = "1,2";
			};
			name = Debug;
		};
		6C9313AB22B039FD00387108 /* Release */ = {
			isa = XCBuildConfiguration;
			baseConfigurationReference = A0D3D2520F309B72DE1F3129 /* Pods-Posts.release.xcconfig */;
			buildSettings = {
				ASSETCATALOG_COMPILER_APPICON_NAME = AppIcon;
				CODE_SIGN_STYLE = Automatic;
				DEVELOPMENT_TEAM = S7Q3D7C8SW;
				INFOPLIST_FILE = Posts/Info.plist;
				LD_RUNPATH_SEARCH_PATHS = (
					"$(inherited)",
					"@executable_path/Frameworks",
				);
				PRODUCT_BUNDLE_IDENTIFIER = pgh.Posts;
				PRODUCT_NAME = "$(TARGET_NAME)";
				SWIFT_VERSION = 4.2;
				TARGETED_DEVICE_FAMILY = "1,2";
			};
			name = Release;
		};
		6C9313AD22B039FD00387108 /* Debug */ = {
			isa = XCBuildConfiguration;
			baseConfigurationReference = 4C4917DDE44603DEF82F5EE3 /* Pods-PostsTests.debug.xcconfig */;
			buildSettings = {
				ALWAYS_EMBED_SWIFT_STANDARD_LIBRARIES = YES;
				BUNDLE_LOADER = "$(TEST_HOST)";
				CODE_SIGN_STYLE = Automatic;
				DEVELOPMENT_TEAM = S7Q3D7C8SW;
				INFOPLIST_FILE = PostsTests/Info.plist;
				LD_RUNPATH_SEARCH_PATHS = (
					"$(inherited)",
					"@executable_path/Frameworks",
					"@loader_path/Frameworks",
				);
				PRODUCT_BUNDLE_IDENTIFIER = pgh.PostsTests;
				PRODUCT_NAME = "$(TARGET_NAME)";
				SWIFT_VERSION = 4.2;
				TARGETED_DEVICE_FAMILY = "1,2";
				TEST_HOST = "$(BUILT_PRODUCTS_DIR)/Posts.app/Posts";
			};
			name = Debug;
		};
		6C9313AE22B039FD00387108 /* Release */ = {
			isa = XCBuildConfiguration;
			baseConfigurationReference = 7844DA6726E3B169038E10CE /* Pods-PostsTests.release.xcconfig */;
			buildSettings = {
				ALWAYS_EMBED_SWIFT_STANDARD_LIBRARIES = YES;
				BUNDLE_LOADER = "$(TEST_HOST)";
				CODE_SIGN_STYLE = Automatic;
				DEVELOPMENT_TEAM = S7Q3D7C8SW;
				INFOPLIST_FILE = PostsTests/Info.plist;
				LD_RUNPATH_SEARCH_PATHS = (
					"$(inherited)",
					"@executable_path/Frameworks",
					"@loader_path/Frameworks",
				);
				PRODUCT_BUNDLE_IDENTIFIER = pgh.PostsTests;
				PRODUCT_NAME = "$(TARGET_NAME)";
				SWIFT_VERSION = 4.2;
				TARGETED_DEVICE_FAMILY = "1,2";
				TEST_HOST = "$(BUILT_PRODUCTS_DIR)/Posts.app/Posts";
			};
			name = Release;
		};
		6C9313B022B039FD00387108 /* Debug */ = {
			isa = XCBuildConfiguration;
			baseConfigurationReference = DE78D1EF15C251089F17BBBB /* Pods-PostsUITests.debug.xcconfig */;
			buildSettings = {
				ALWAYS_EMBED_SWIFT_STANDARD_LIBRARIES = YES;
				CODE_SIGN_STYLE = Automatic;
				DEVELOPMENT_TEAM = S7Q3D7C8SW;
				INFOPLIST_FILE = PostsUITests/Info.plist;
				LD_RUNPATH_SEARCH_PATHS = (
					"$(inherited)",
					"@executable_path/Frameworks",
					"@loader_path/Frameworks",
				);
				PRODUCT_BUNDLE_IDENTIFIER = pgh.PostsUITests;
				PRODUCT_NAME = "$(TARGET_NAME)";
				SWIFT_VERSION = 4.2;
				TARGETED_DEVICE_FAMILY = "1,2";
				TEST_TARGET_NAME = Posts;
			};
			name = Debug;
		};
		6C9313B122B039FD00387108 /* Release */ = {
			isa = XCBuildConfiguration;
			baseConfigurationReference = FAC4EFC3A6E893882974B3F4 /* Pods-PostsUITests.release.xcconfig */;
			buildSettings = {
				ALWAYS_EMBED_SWIFT_STANDARD_LIBRARIES = YES;
				CODE_SIGN_STYLE = Automatic;
				DEVELOPMENT_TEAM = S7Q3D7C8SW;
				INFOPLIST_FILE = PostsUITests/Info.plist;
				LD_RUNPATH_SEARCH_PATHS = (
					"$(inherited)",
					"@executable_path/Frameworks",
					"@loader_path/Frameworks",
				);
				PRODUCT_BUNDLE_IDENTIFIER = pgh.PostsUITests;
				PRODUCT_NAME = "$(TARGET_NAME)";
				SWIFT_VERSION = 4.2;
				TARGETED_DEVICE_FAMILY = "1,2";
				TEST_TARGET_NAME = Posts;
			};
			name = Release;
		};
/* End XCBuildConfiguration section */

/* Begin XCConfigurationList section */
		6C93137922B039FC00387108 /* Build configuration list for PBXProject "Posts" */ = {
			isa = XCConfigurationList;
			buildConfigurations = (
				6C9313A722B039FD00387108 /* Debug */,
				6C9313A822B039FD00387108 /* Release */,
			);
			defaultConfigurationIsVisible = 0;
			defaultConfigurationName = Release;
		};
		6C9313A922B039FD00387108 /* Build configuration list for PBXNativeTarget "Posts" */ = {
			isa = XCConfigurationList;
			buildConfigurations = (
				6C9313AA22B039FD00387108 /* Debug */,
				6C9313AB22B039FD00387108 /* Release */,
			);
			defaultConfigurationIsVisible = 0;
			defaultConfigurationName = Release;
		};
		6C9313AC22B039FD00387108 /* Build configuration list for PBXNativeTarget "PostsTests" */ = {
			isa = XCConfigurationList;
			buildConfigurations = (
				6C9313AD22B039FD00387108 /* Debug */,
				6C9313AE22B039FD00387108 /* Release */,
			);
			defaultConfigurationIsVisible = 0;
			defaultConfigurationName = Release;
		};
		6C9313AF22B039FD00387108 /* Build configuration list for PBXNativeTarget "PostsUITests" */ = {
			isa = XCConfigurationList;
			buildConfigurations = (
				6C9313B022B039FD00387108 /* Debug */,
				6C9313B122B039FD00387108 /* Release */,
			);
			defaultConfigurationIsVisible = 0;
			defaultConfigurationName = Release;
		};
/* End XCConfigurationList section */
	};
	rootObject = 6C93137622B039FC00387108 /* Project object */;
}
