// !$*UTF8*$!
{
	archiveVersion = 1;
	classes = {
	};
	objectVersion = 50;
	objects = {

/* Begin PBXBuildFile section */
		6C93138222B039FC00387108 /* AppDelegate.swift in Sources */ = {isa = PBXBuildFile; fileRef = 6C93138122B039FC00387108 /* AppDelegate.swift */; };
		6C93138422B039FC00387108 /* ViewController.swift in Sources */ = {isa = PBXBuildFile; fileRef = 6C93138322B039FC00387108 /* ViewController.swift */; };
		6C93138722B039FC00387108 /* Main.storyboard in Resources */ = {isa = PBXBuildFile; fileRef = 6C93138522B039FC00387108 /* Main.storyboard */; };
		6C93138A22B039FC00387108 /* Posts.xcdatamodeld in Sources */ = {isa = PBXBuildFile; fileRef = 6C93138822B039FC00387108 /* Posts.xcdatamodeld */; };
		6C93138C22B039FD00387108 /* Assets.xcassets in Resources */ = {isa = PBXBuildFile; fileRef = 6C93138B22B039FD00387108 /* Assets.xcassets */; };
		6C93138F22B039FD00387108 /* LaunchScreen.storyboard in Resources */ = {isa = PBXBuildFile; fileRef = 6C93138D22B039FD00387108 /* LaunchScreen.storyboard */; };
		6C93139A22B039FD00387108 /* PostsTests.swift in Sources */ = {isa = PBXBuildFile; fileRef = 6C93139922B039FD00387108 /* PostsTests.swift */; };
		6C9313A522B039FD00387108 /* PostsUITests.swift in Sources */ = {isa = PBXBuildFile; fileRef = 6C9313A422B039FD00387108 /* PostsUITests.swift */; };
/* End PBXBuildFile section */

/* Begin PBXContainerItemProxy section */
		6C93139622B039FD00387108 /* PBXContainerItemProxy */ = {
			isa = PBXContainerItemProxy;
			containerPortal = 6C93137622B039FC00387108 /* Project object */;
			proxyType = 1;
			remoteGlobalIDString = 6C93137D22B039FC00387108;
			remoteInfo = Posts;
		};
		6C9313A122B039FD00387108 /* PBXContainerItemProxy */ = {
			isa = PBXContainerItemProxy;
			containerPortal = 6C93137622B039FC00387108 /* Project object */;
			proxyType = 1;
			remoteGlobalIDString = 6C93137D22B039FC00387108;
			remoteInfo = Posts;
		};
/* End PBXContainerItemProxy section */

/* Begin PBXFileReference section */
		6C93137E22B039FC00387108 /* Posts.app */ = {isa = PBXFileReference; explicitFileType = wrapper.application; includeInIndex = 0; path = Posts.app; sourceTree = BUILT_PRODUCTS_DIR; };
		6C93138122B039FC00387108 /* AppDelegate.swift */ = {isa = PBXFileReference; lastKnownFileType = sourcecode.swift; path = AppDelegate.swift; sourceTree = "<group>"; };
		6C93138322B039FC00387108 /* ViewController.swift */ = {isa = PBXFileReference; lastKnownFileType = sourcecode.swift; path = ViewController.swift; sourceTree = "<group>"; };
		6C93138622B039FC00387108 /* Base */ = {isa = PBXFileReference; lastKnownFileType = file.storyboard; name = Base; path = Base.lproj/Main.storyboard; sourceTree = "<group>"; };
		6C93138922B039FC00387108 /* Posts.xcdatamodel */ = {isa = PBXFileReference; lastKnownFileType = wrapper.xcdatamodel; path = Posts.xcdatamodel; sourceTree = "<group>"; };
		6C93138B22B039FD00387108 /* Assets.xcassets */ = {isa = PBXFileReference; lastKnownFileType = folder.assetcatalog; path = Assets.xcassets; sourceTree = "<group>"; };
		6C93138E22B039FD00387108 /* Base */ = {isa = PBXFileReference; lastKnownFileType = file.storyboard; name = Base; path = Base.lproj/LaunchScreen.storyboard; sourceTree = "<group>"; };
		6C93139022B039FD00387108 /* Info.plist */ = {isa = PBXFileReference; lastKnownFileType = text.plist.xml; path = Info.plist; sourceTree = "<group>"; };
		6C93139522B039FD00387108 /* PostsTests.xctest */ = {isa = PBXFileReference; explicitFileType = wrapper.cfbundle; includeInIndex = 0; path = PostsTests.xctest; sourceTree = BUILT_PRODUCTS_DIR; };
		6C93139922B039FD00387108 /* PostsTests.swift */ = {isa = PBXFileReference; lastKnownFileType = sourcecode.swift; path = PostsTests.swift; sourceTree = "<group>"; };
		6C93139B22B039FD00387108 /* Info.plist */ = {isa = PBXFileReference; lastKnownFileType = text.plist.xml; path = Info.plist; sourceTree = "<group>"; };
		6C9313A022B039FD00387108 /* PostsUITests.xctest */ = {isa = PBXFileReference; explicitFileType = wrapper.cfbundle; includeInIndex = 0; path = PostsUITests.xctest; sourceTree = BUILT_PRODUCTS_DIR; };
		6C9313A422B039FD00387108 /* PostsUITests.swift */ = {isa = PBXFileReference; lastKnownFileType = sourcecode.swift; path = PostsUITests.swift; sourceTree = "<group>"; };
		6C9313A622B039FD00387108 /* Info.plist */ = {isa = PBXFileReference; lastKnownFileType = text.plist.xml; path = Info.plist; sourceTree = "<group>"; };
/* End PBXFileReference section */

/* Begin PBXFrameworksBuildPhase section */
		6C93137B22B039FC00387108 /* Frameworks */ = {
			isa = PBXFrameworksBuildPhase;
			buildActionMask = 2147483647;
			files = (
			);
			runOnlyForDeploymentPostprocessing = 0;
		};
		6C93139222B039FD00387108 /* Frameworks */ = {
			isa = PBXFrameworksBuildPhase;
			buildActionMask = 2147483647;
			files = (
			);
			runOnlyForDeploymentPostprocessing = 0;
		};
		6C93139D22B039FD00387108 /* Frameworks */ = {
			isa = PBXFrameworksBuildPhase;
			buildActionMask = 2147483647;
			files = (
			);
			runOnlyForDeploymentPostprocessing = 0;
		};
/* End PBXFrameworksBuildPhase section */

/* Begin PBXGroup section */
		6C93137522B039FC00387108 = {
			isa = PBXGroup;
			children = (
				6C93138022B039FC00387108 /* Posts */,
				6C93139822B039FD00387108 /* PostsTests */,
				6C9313A322B039FD00387108 /* PostsUITests */,
				6C93137F22B039FC00387108 /* Products */,
			);
			sourceTree = "<group>";
		};
		6C93137F22B039FC00387108 /* Products */ = {
			isa = PBXGroup;
			children = (
				6C93137E22B039FC00387108 /* Posts.app */,
				6C93139522B039FD00387108 /* PostsTests.xctest */,
				6C9313A022B039FD00387108 /* PostsUITests.xctest */,
			);
			name = Products;
			sourceTree = "<group>";
		};
		6C93138022B039FC00387108 /* Posts */ = {
			isa = PBXGroup;
			children = (
				6C93138122B039FC00387108 /* AppDelegate.swift */,
				6C93138322B039FC00387108 /* ViewController.swift */,
				6C93138522B039FC00387108 /* Main.storyboard */,
				6C93138B22B039FD00387108 /* Assets.xcassets */,
				6C93138D22B039FD00387108 /* LaunchScreen.storyboard */,
				6C93139022B039FD00387108 /* Info.plist */,
				6C93138822B039FC00387108 /* Posts.xcdatamodeld */,
			);
			path = Posts;
			sourceTree = "<group>";
		};
		6C93139822B039FD00387108 /* PostsTests */ = {
			isa = PBXGroup;
			children = (
				6C93139922B039FD00387108 /* PostsTests.swift */,
				6C93139B22B039FD00387108 /* Info.plist */,
			);
			path = PostsTests;
			sourceTree = "<group>";
		};
		6C9313A322B039FD00387108 /* PostsUITests */ = {
			isa = PBXGroup;
			children = (
				6C9313A422B039FD00387108 /* PostsUITests.swift */,
				6C9313A622B039FD00387108 /* Info.plist */,
			);
			path = PostsUITests;
			sourceTree = "<group>";
		};
/* End PBXGroup section */

/* Begin PBXNativeTarget section */
		6C93137D22B039FC00387108 /* Posts */ = {
			isa = PBXNativeTarget;
			buildConfigurationList = 6C9313A922B039FD00387108 /* Build configuration list for PBXNativeTarget "Posts" */;
			buildPhases = (
				6C93137A22B039FC00387108 /* Sources */,
				6C93137B22B039FC00387108 /* Frameworks */,
				6C93137C22B039FC00387108 /* Resources */,
			);
			buildRules = (
			);
			dependencies = (
			);
			name = Posts;
			productName = Posts;
			productReference = 6C93137E22B039FC00387108 /* Posts.app */;
			productType = "com.apple.product-type.application";
		};
		6C93139422B039FD00387108 /* PostsTests */ = {
			isa = PBXNativeTarget;
			buildConfigurationList = 6C9313AC22B039FD00387108 /* Build configuration list for PBXNativeTarget "PostsTests" */;
			buildPhases = (
				6C93139122B039FD00387108 /* Sources */,
				6C93139222B039FD00387108 /* Frameworks */,
				6C93139322B039FD00387108 /* Resources */,
			);
			buildRules = (
			);
			dependencies = (
				6C93139722B039FD00387108 /* PBXTargetDependency */,
			);
			name = PostsTests;
			productName = PostsTests;
			productReference = 6C93139522B039FD00387108 /* PostsTests.xctest */;
			productType = "com.apple.product-type.bundle.unit-test";
		};
		6C93139F22B039FD00387108 /* PostsUITests */ = {
			isa = PBXNativeTarget;
			buildConfigurationList = 6C9313AF22B039FD00387108 /* Build configuration list for PBXNativeTarget "PostsUITests" */;
			buildPhases = (
				6C93139C22B039FD00387108 /* Sources */,
				6C93139D22B039FD00387108 /* Frameworks */,
				6C93139E22B039FD00387108 /* Resources */,
			);
			buildRules = (
			);
			dependencies = (
				6C9313A222B039FD00387108 /* PBXTargetDependency */,
			);
			name = PostsUITests;
			productName = PostsUITests;
			productReference = 6C9313A022B039FD00387108 /* PostsUITests.xctest */;
			productType = "com.apple.product-type.bundle.ui-testing";
		};
/* End PBXNativeTarget section */

/* Begin PBXProject section */
		6C93137622B039FC00387108 /* Project object */ = {
			isa = PBXProject;
			attributes = {
				LastSwiftUpdateCheck = 1010;
				LastUpgradeCheck = 1010;
				ORGANIZATIONNAME = "Pusca Ghenadie";
				TargetAttributes = {
					6C93137D22B039FC00387108 = {
						CreatedOnToolsVersion = 10.1;
					};
					6C93139422B039FD00387108 = {
						CreatedOnToolsVersion = 10.1;
						TestTargetID = 6C93137D22B039FC00387108;
					};
					6C93139F22B039FD00387108 = {
						CreatedOnToolsVersion = 10.1;
						TestTargetID = 6C93137D22B039FC00387108;
					};
				};
			};
			buildConfigurationList = 6C93137922B039FC00387108 /* Build configuration list for PBXProject "Posts" */;
			compatibilityVersion = "Xcode 9.3";
			developmentRegion = en;
			hasScannedForEncodings = 0;
			knownRegions = (
				en,
				Base,
			);
			mainGroup = 6C93137522B039FC00387108;
			productRefGroup = 6C93137F22B039FC00387108 /* Products */;
			projectDirPath = "";
			projectRoot = "";
			targets = (
				6C93137D22B039FC00387108 /* Posts */,
				6C93139422B039FD00387108 /* PostsTests */,
				6C93139F22B039FD00387108 /* PostsUITests */,
			);
		};
/* End PBXProject section */

/* Begin PBXResourcesBuildPhase section */
		6C93137C22B039FC00387108 /* Resources */ = {
			isa = PBXResourcesBuildPhase;
			buildActionMask = 2147483647;
			files = (
				6C93138F22B039FD00387108 /* LaunchScreen.storyboard in Resources */,
				6C93138C22B039FD00387108 /* Assets.xcassets in Resources */,
				6C93138722B039FC00387108 /* Main.storyboard in Resources */,
			);
			runOnlyForDeploymentPostprocessing = 0;
		};
		6C93139322B039FD00387108 /* Resources */ = {
			isa = PBXResourcesBuildPhase;
			buildActionMask = 2147483647;
			files = (
			);
			runOnlyForDeploymentPostprocessing = 0;
		};
		6C93139E22B039FD00387108 /* Resources */ = {
			isa = PBXResourcesBuildPhase;
			buildActionMask = 2147483647;
			files = (
			);
			runOnlyForDeploymentPostprocessing = 0;
		};
/* End PBXResourcesBuildPhase section */

/* Begin PBXSourcesBuildPhase section */
		6C93137A22B039FC00387108 /* Sources */ = {
			isa = PBXSourcesBuildPhase;
			buildActionMask = 2147483647;
			files = (
				6C93138A22B039FC00387108 /* Posts.xcdatamodeld in Sources */,
				6C93138422B039FC00387108 /* ViewController.swift in Sources */,
				6C93138222B039FC00387108 /* AppDelegate.swift in Sources */,
			);
			runOnlyForDeploymentPostprocessing = 0;
		};
		6C93139122B039FD00387108 /* Sources */ = {
			isa = PBXSourcesBuildPhase;
			buildActionMask = 2147483647;
			files = (
				6C93139A22B039FD00387108 /* PostsTests.swift in Sources */,
			);
			runOnlyForDeploymentPostprocessing = 0;
		};
		6C93139C22B039FD00387108 /* Sources */ = {
			isa = PBXSourcesBuildPhase;
			buildActionMask = 2147483647;
			files = (
				6C9313A522B039FD00387108 /* PostsUITests.swift in Sources */,
			);
			runOnlyForDeploymentPostprocessing = 0;
		};
/* End PBXSourcesBuildPhase section */

/* Begin PBXTargetDependency section */
		6C93139722B039FD00387108 /* PBXTargetDependency */ = {
			isa = PBXTargetDependency;
			target = 6C93137D22B039FC00387108 /* Posts */;
			targetProxy = 6C93139622B039FD00387108 /* PBXContainerItemProxy */;
		};
		6C9313A222B039FD00387108 /* PBXTargetDependency */ = {
			isa = PBXTargetDependency;
			target = 6C93137D22B039FC00387108 /* Posts */;
			targetProxy = 6C9313A122B039FD00387108 /* PBXContainerItemProxy */;
		};
/* End PBXTargetDependency section */

/* Begin PBXVariantGroup section */
		6C93138522B039FC00387108 /* Main.storyboard */ = {
			isa = PBXVariantGroup;
			children = (
				6C93138622B039FC00387108 /* Base */,
			);
			name = Main.storyboard;
			sourceTree = "<group>";
		};
		6C93138D22B039FD00387108 /* LaunchScreen.storyboard */ = {
			isa = PBXVariantGroup;
			children = (
				6C93138E22B039FD00387108 /* Base */,
			);
			name = LaunchScreen.storyboard;
			sourceTree = "<group>";
		};
/* End PBXVariantGroup section */

/* Begin XCBuildConfiguration section */
		6C9313A722B039FD00387108 /* Debug */ = {
			isa = XCBuildConfiguration;
			buildSettings = {
				ALWAYS_SEARCH_USER_PATHS = NO;
				CLANG_ANALYZER_NONNULL = YES;
				CLANG_ANALYZER_NUMBER_OBJECT_CONVERSION = YES_AGGRESSIVE;
				CLANG_CXX_LANGUAGE_STANDARD = "gnu++14";
				CLANG_CXX_LIBRARY = "libc++";
				CLANG_ENABLE_MODULES = YES;
				CLANG_ENABLE_OBJC_ARC = YES;
				CLANG_ENABLE_OBJC_WEAK = YES;
				CLANG_WARN_BLOCK_CAPTURE_AUTORELEASING = YES;
				CLANG_WARN_BOOL_CONVERSION = YES;
				CLANG_WARN_COMMA = YES;
				CLANG_WARN_CONSTANT_CONVERSION = YES;
				CLANG_WARN_DEPRECATED_OBJC_IMPLEMENTATIONS = YES;
				CLANG_WARN_DIRECT_OBJC_ISA_USAGE = YES_ERROR;
				CLANG_WARN_DOCUMENTATION_COMMENTS = YES;
				CLANG_WARN_EMPTY_BODY = YES;
				CLANG_WARN_ENUM_CONVERSION = YES;
				CLANG_WARN_INFINITE_RECURSION = YES;
				CLANG_WARN_INT_CONVERSION = YES;
				CLANG_WARN_NON_LITERAL_NULL_CONVERSION = YES;
				CLANG_WARN_OBJC_IMPLICIT_RETAIN_SELF = YES;
				CLANG_WARN_OBJC_LITERAL_CONVERSION = YES;
				CLANG_WARN_OBJC_ROOT_CLASS = YES_ERROR;
				CLANG_WARN_RANGE_LOOP_ANALYSIS = YES;
				CLANG_WARN_STRICT_PROTOTYPES = YES;
				CLANG_WARN_SUSPICIOUS_MOVE = YES;
				CLANG_WARN_UNGUARDED_AVAILABILITY = YES_AGGRESSIVE;
				CLANG_WARN_UNREACHABLE_CODE = YES;
				CLANG_WARN__DUPLICATE_METHOD_MATCH = YES;
				CODE_SIGN_IDENTITY = "iPhone Developer";
				COPY_PHASE_STRIP = NO;
				DEBUG_INFORMATION_FORMAT = dwarf;
				ENABLE_STRICT_OBJC_MSGSEND = YES;
				ENABLE_TESTABILITY = YES;
				GCC_C_LANGUAGE_STANDARD = gnu11;
				GCC_DYNAMIC_NO_PIC = NO;
				GCC_NO_COMMON_BLOCKS = YES;
				GCC_OPTIMIZATION_LEVEL = 0;
				GCC_PREPROCESSOR_DEFINITIONS = (
					"DEBUG=1",
					"$(inherited)",
				);
				GCC_WARN_64_TO_32_BIT_CONVERSION = YES;
				GCC_WARN_ABOUT_RETURN_TYPE = YES_ERROR;
				GCC_WARN_UNDECLARED_SELECTOR = YES;
				GCC_WARN_UNINITIALIZED_AUTOS = YES_AGGRESSIVE;
				GCC_WARN_UNUSED_FUNCTION = YES;
				GCC_WARN_UNUSED_VARIABLE = YES;
				IPHONEOS_DEPLOYMENT_TARGET = 12.1;
				MTL_ENABLE_DEBUG_INFO = INCLUDE_SOURCE;
				MTL_FAST_MATH = YES;
				ONLY_ACTIVE_ARCH = YES;
				SDKROOT = iphoneos;
				SWIFT_ACTIVE_COMPILATION_CONDITIONS = DEBUG;
				SWIFT_OPTIMIZATION_LEVEL = "-Onone";
			};
			name = Debug;
		};
		6C9313A822B039FD00387108 /* Release */ = {
			isa = XCBuildConfiguration;
			buildSettings = {
				ALWAYS_SEARCH_USER_PATHS = NO;
				CLANG_ANALYZER_NONNULL = YES;
				CLANG_ANALYZER_NUMBER_OBJECT_CONVERSION = YES_AGGRESSIVE;
				CLANG_CXX_LANGUAGE_STANDARD = "gnu++14";
				CLANG_CXX_LIBRARY = "libc++";
				CLANG_ENABLE_MODULES = YES;
				CLANG_ENABLE_OBJC_ARC = YES;
				CLANG_ENABLE_OBJC_WEAK = YES;
				CLANG_WARN_BLOCK_CAPTURE_AUTORELEASING = YES;
				CLANG_WARN_BOOL_CONVERSION = YES;
				CLANG_WARN_COMMA = YES;
				CLANG_WARN_CONSTANT_CONVERSION = YES;
				CLANG_WARN_DEPRECATED_OBJC_IMPLEMENTATIONS = YES;
				CLANG_WARN_DIRECT_OBJC_ISA_USAGE = YES_ERROR;
				CLANG_WARN_DOCUMENTATION_COMMENTS = YES;
				CLANG_WARN_EMPTY_BODY = YES;
				CLANG_WARN_ENUM_CONVERSION = YES;
				CLANG_WARN_INFINITE_RECURSION = YES;
				CLANG_WARN_INT_CONVERSION = YES;
				CLANG_WARN_NON_LITERAL_NULL_CONVERSION = YES;
				CLANG_WARN_OBJC_IMPLICIT_RETAIN_SELF = YES;
				CLANG_WARN_OBJC_LITERAL_CONVERSION = YES;
				CLANG_WARN_OBJC_ROOT_CLASS = YES_ERROR;
				CLANG_WARN_RANGE_LOOP_ANALYSIS = YES;
				CLANG_WARN_STRICT_PROTOTYPES = YES;
				CLANG_WARN_SUSPICIOUS_MOVE = YES;
				CLANG_WARN_UNGUARDED_AVAILABILITY = YES_AGGRESSIVE;
				CLANG_WARN_UNREACHABLE_CODE = YES;
				CLANG_WARN__DUPLICATE_METHOD_MATCH = YES;
				CODE_SIGN_IDENTITY = "iPhone Developer";
				COPY_PHASE_STRIP = NO;
				DEBUG_INFORMATION_FORMAT = "dwarf-with-dsym";
				ENABLE_NS_ASSERTIONS = NO;
				ENABLE_STRICT_OBJC_MSGSEND = YES;
				GCC_C_LANGUAGE_STANDARD = gnu11;
				GCC_NO_COMMON_BLOCKS = YES;
				GCC_WARN_64_TO_32_BIT_CONVERSION = YES;
				GCC_WARN_ABOUT_RETURN_TYPE = YES_ERROR;
				GCC_WARN_UNDECLARED_SELECTOR = YES;
				GCC_WARN_UNINITIALIZED_AUTOS = YES_AGGRESSIVE;
				GCC_WARN_UNUSED_FUNCTION = YES;
				GCC_WARN_UNUSED_VARIABLE = YES;
				IPHONEOS_DEPLOYMENT_TARGET = 12.1;
				MTL_ENABLE_DEBUG_INFO = NO;
				MTL_FAST_MATH = YES;
				SDKROOT = iphoneos;
				SWIFT_COMPILATION_MODE = wholemodule;
				SWIFT_OPTIMIZATION_LEVEL = "-O";
				VALIDATE_PRODUCT = YES;
			};
			name = Release;
		};
		6C9313AA22B039FD00387108 /* Debug */ = {
			isa = XCBuildConfiguration;
			buildSettings = {
				ASSETCATALOG_COMPILER_APPICON_NAME = AppIcon;
				CODE_SIGN_STYLE = Automatic;
				DEVELOPMENT_TEAM = S7Q3D7C8SW;
				INFOPLIST_FILE = Posts/Info.plist;
				LD_RUNPATH_SEARCH_PATHS = (
					"$(inherited)",
					"@executable_path/Frameworks",
				);
				PRODUCT_BUNDLE_IDENTIFIER = pgh.Posts;
				PRODUCT_NAME = "$(TARGET_NAME)";
				SWIFT_VERSION = 4.2;
				TARGETED_DEVICE_FAMILY = "1,2";
			};
			name = Debug;
		};
		6C9313AB22B039FD00387108 /* Release */ = {
			isa = XCBuildConfiguration;
			buildSettings = {
				ASSETCATALOG_COMPILER_APPICON_NAME = AppIcon;
				CODE_SIGN_STYLE = Automatic;
				DEVELOPMENT_TEAM = S7Q3D7C8SW;
				INFOPLIST_FILE = Posts/Info.plist;
				LD_RUNPATH_SEARCH_PATHS = (
					"$(inherited)",
					"@executable_path/Frameworks",
				);
				PRODUCT_BUNDLE_IDENTIFIER = pgh.Posts;
				PRODUCT_NAME = "$(TARGET_NAME)";
				SWIFT_VERSION = 4.2;
				TARGETED_DEVICE_FAMILY = "1,2";
			};
			name = Release;
		};
		6C9313AD22B039FD00387108 /* Debug */ = {
			isa = XCBuildConfiguration;
			buildSettings = {
				ALWAYS_EMBED_SWIFT_STANDARD_LIBRARIES = YES;
				BUNDLE_LOADER = "$(TEST_HOST)";
				CODE_SIGN_STYLE = Automatic;
				DEVELOPMENT_TEAM = S7Q3D7C8SW;
				INFOPLIST_FILE = PostsTests/Info.plist;
				LD_RUNPATH_SEARCH_PATHS = (
					"$(inherited)",
					"@executable_path/Frameworks",
					"@loader_path/Frameworks",
				);
				PRODUCT_BUNDLE_IDENTIFIER = pgh.PostsTests;
				PRODUCT_NAME = "$(TARGET_NAME)";
				SWIFT_VERSION = 4.2;
				TARGETED_DEVICE_FAMILY = "1,2";
				TEST_HOST = "$(BUILT_PRODUCTS_DIR)/Posts.app/Posts";
			};
			name = Debug;
		};
		6C9313AE22B039FD00387108 /* Release */ = {
			isa = XCBuildConfiguration;
			buildSettings = {
				ALWAYS_EMBED_SWIFT_STANDARD_LIBRARIES = YES;
				BUNDLE_LOADER = "$(TEST_HOST)";
				CODE_SIGN_STYLE = Automatic;
				DEVELOPMENT_TEAM = S7Q3D7C8SW;
				INFOPLIST_FILE = PostsTests/Info.plist;
				LD_RUNPATH_SEARCH_PATHS = (
					"$(inherited)",
					"@executable_path/Frameworks",
					"@loader_path/Frameworks",
				);
				PRODUCT_BUNDLE_IDENTIFIER = pgh.PostsTests;
				PRODUCT_NAME = "$(TARGET_NAME)";
				SWIFT_VERSION = 4.2;
				TARGETED_DEVICE_FAMILY = "1,2";
				TEST_HOST = "$(BUILT_PRODUCTS_DIR)/Posts.app/Posts";
			};
			name = Release;
		};
		6C9313B022B039FD00387108 /* Debug */ = {
			isa = XCBuildConfiguration;
			buildSettings = {
				ALWAYS_EMBED_SWIFT_STANDARD_LIBRARIES = YES;
				CODE_SIGN_STYLE = Automatic;
				DEVELOPMENT_TEAM = S7Q3D7C8SW;
				INFOPLIST_FILE = PostsUITests/Info.plist;
				LD_RUNPATH_SEARCH_PATHS = (
					"$(inherited)",
					"@executable_path/Frameworks",
					"@loader_path/Frameworks",
				);
				PRODUCT_BUNDLE_IDENTIFIER = pgh.PostsUITests;
				PRODUCT_NAME = "$(TARGET_NAME)";
				SWIFT_VERSION = 4.2;
				TARGETED_DEVICE_FAMILY = "1,2";
				TEST_TARGET_NAME = Posts;
			};
			name = Debug;
		};
		6C9313B122B039FD00387108 /* Release */ = {
			isa = XCBuildConfiguration;
			buildSettings = {
				ALWAYS_EMBED_SWIFT_STANDARD_LIBRARIES = YES;
				CODE_SIGN_STYLE = Automatic;
				DEVELOPMENT_TEAM = S7Q3D7C8SW;
				INFOPLIST_FILE = PostsUITests/Info.plist;
				LD_RUNPATH_SEARCH_PATHS = (
					"$(inherited)",
					"@executable_path/Frameworks",
					"@loader_path/Frameworks",
				);
				PRODUCT_BUNDLE_IDENTIFIER = pgh.PostsUITests;
				PRODUCT_NAME = "$(TARGET_NAME)";
				SWIFT_VERSION = 4.2;
				TARGETED_DEVICE_FAMILY = "1,2";
				TEST_TARGET_NAME = Posts;
			};
			name = Release;
		};
/* End XCBuildConfiguration section */

/* Begin XCConfigurationList section */
		6C93137922B039FC00387108 /* Build configuration list for PBXProject "Posts" */ = {
			isa = XCConfigurationList;
			buildConfigurations = (
				6C9313A722B039FD00387108 /* Debug */,
				6C9313A822B039FD00387108 /* Release */,
			);
			defaultConfigurationIsVisible = 0;
			defaultConfigurationName = Release;
		};
		6C9313A922B039FD00387108 /* Build configuration list for PBXNativeTarget "Posts" */ = {
			isa = XCConfigurationList;
			buildConfigurations = (
				6C9313AA22B039FD00387108 /* Debug */,
				6C9313AB22B039FD00387108 /* Release */,
			);
			defaultConfigurationIsVisible = 0;
			defaultConfigurationName = Release;
		};
		6C9313AC22B039FD00387108 /* Build configuration list for PBXNativeTarget "PostsTests" */ = {
			isa = XCConfigurationList;
			buildConfigurations = (
				6C9313AD22B039FD00387108 /* Debug */,
				6C9313AE22B039FD00387108 /* Release */,
			);
			defaultConfigurationIsVisible = 0;
			defaultConfigurationName = Release;
		};
		6C9313AF22B039FD00387108 /* Build configuration list for PBXNativeTarget "PostsUITests" */ = {
			isa = XCConfigurationList;
			buildConfigurations = (
				6C9313B022B039FD00387108 /* Debug */,
				6C9313B122B039FD00387108 /* Release */,
			);
			defaultConfigurationIsVisible = 0;
			defaultConfigurationName = Release;
		};
/* End XCConfigurationList section */

/* Begin XCVersionGroup section */
		6C93138822B039FC00387108 /* Posts.xcdatamodeld */ = {
			isa = XCVersionGroup;
			children = (
				6C93138922B039FC00387108 /* Posts.xcdatamodel */,
			);
			currentVersion = 6C93138922B039FC00387108 /* Posts.xcdatamodel */;
			path = Posts.xcdatamodeld;
			sourceTree = "<group>";
			versionGroupType = wrapper.xcdatamodel;
		};
/* End XCVersionGroup section */
	};
	rootObject = 6C93137622B039FC00387108 /* Project object */;
}
